// !$*UTF8*$!
{
	archiveVersion = 1;
	classes = {
	};
	objectVersion = 46;
	objects = {

/* Begin PBXBuildFile section */
		980301BA1D7FB99500180FDA /* Listen.storyboard in Resources */ = {isa = PBXBuildFile; fileRef = 980301B91D7FB99500180FDA /* Listen.storyboard */; };
		980301C01D7FF0A700180FDA /* ListenViewController.swift in Sources */ = {isa = PBXBuildFile; fileRef = 980301BF1D7FF0A700180FDA /* ListenViewController.swift */; };
		980301C21D7FF0FC00180FDA /* ListenTabViewController.swift in Sources */ = {isa = PBXBuildFile; fileRef = 980301C11D7FF0FC00180FDA /* ListenTabViewController.swift */; };
		980301C41D7FF41100180FDA /* ListenAdviceCollectionViewController.swift in Sources */ = {isa = PBXBuildFile; fileRef = 980301C31D7FF41100180FDA /* ListenAdviceCollectionViewController.swift */; };
		980301C61D7FF44F00180FDA /* ListenCategoryCollectionViewController.swift in Sources */ = {isa = PBXBuildFile; fileRef = 980301C51D7FF44F00180FDA /* ListenCategoryCollectionViewController.swift */; };
		980301CA1D7FF4BB00180FDA /* ListenSequenceTableViewController.swift in Sources */ = {isa = PBXBuildFile; fileRef = 980301C91D7FF4BB00180FDA /* ListenSequenceTableViewController.swift */; };
		980301CC1D7FF4EA00180FDA /* ListenFamousViewController.swift in Sources */ = {isa = PBXBuildFile; fileRef = 980301CB1D7FF4EA00180FDA /* ListenFamousViewController.swift */; };
		980301CE1D7FF79600180FDA /* ListenAdviceCollectionViewCell.swift in Sources */ = {isa = PBXBuildFile; fileRef = 980301CD1D7FF79600180FDA /* ListenAdviceCollectionViewCell.swift */; };
		980301D01D7FF7BF00180FDA /* ListenAdviceHeaderCollectionReusableView.swift in Sources */ = {isa = PBXBuildFile; fileRef = 980301CF1D7FF7BF00180FDA /* ListenAdviceHeaderCollectionReusableView.swift */; };
		980301D21D7FFE1300180FDA /* ListenCategoryCollectionViewCell.swift in Sources */ = {isa = PBXBuildFile; fileRef = 980301D11D7FFE1300180FDA /* ListenCategoryCollectionViewCell.swift */; };
		980301D41D7FFE3A00180FDA /* ListenCategoryHeaderCollectionReusableView.swift in Sources */ = {isa = PBXBuildFile; fileRef = 980301D31D7FFE3A00180FDA /* ListenCategoryHeaderCollectionReusableView.swift */; };
		980301D61D8000FB00180FDA /* ListenSequenceTableViewCell.swift in Sources */ = {isa = PBXBuildFile; fileRef = 980301D51D8000FB00180FDA /* ListenSequenceTableViewCell.swift */; };
		980301D81D8006E400180FDA /* ListenImagePageViewController.swift in Sources */ = {isa = PBXBuildFile; fileRef = 980301D71D8006E400180FDA /* ListenImagePageViewController.swift */; };
		980301DA1D800CB700180FDA /* ListenFamousCollectionViewCell.swift in Sources */ = {isa = PBXBuildFile; fileRef = 980301D91D800CB700180FDA /* ListenFamousCollectionViewCell.swift */; };
		980301DC1D800CF100180FDA /* ListenFamousHeaderCollectionReusableView.swift in Sources */ = {isa = PBXBuildFile; fileRef = 980301DB1D800CF100180FDA /* ListenFamousHeaderCollectionReusableView.swift */; };
		980301DE1D80F2E900180FDA /* TopListViewController.swift in Sources */ = {isa = PBXBuildFile; fileRef = 980301DD1D80F2E900180FDA /* TopListViewController.swift */; };
		980E91611D5174B3000A19CA /* MyShelfViewController.swift in Sources */ = {isa = PBXBuildFile; fileRef = 980E91601D5174B3000A19CA /* MyShelfViewController.swift */; };
		980E91631D51942D000A19CA /* ReadBookTableViewCell.swift in Sources */ = {isa = PBXBuildFile; fileRef = 980E91621D51942D000A19CA /* ReadBookTableViewCell.swift */; };
		980E91661D51D11C000A19CA /* InterestViewController.swift in Sources */ = {isa = PBXBuildFile; fileRef = 980E91651D51D11C000A19CA /* InterestViewController.swift */; };
		980E91681D51D128000A19CA /* SexViewController.swift in Sources */ = {isa = PBXBuildFile; fileRef = 980E91671D51D128000A19CA /* SexViewController.swift */; };
		980E916D1D52E42B000A19CA /* LoginViewController.swift in Sources */ = {isa = PBXBuildFile; fileRef = 980E916C1D52E42B000A19CA /* LoginViewController.swift */; };
		980E916F1D531FAB000A19CA /* BubbleAnimation.swift in Sources */ = {isa = PBXBuildFile; fileRef = 980E916E1D531FAB000A19CA /* BubbleAnimation.swift */; };
		980E91731D533065000A19CA /* MaskPresentTationController.swift in Sources */ = {isa = PBXBuildFile; fileRef = 980E91721D533065000A19CA /* MaskPresentTationController.swift */; };
		980E91931D543FBF000A19CA /* ItemTransitionAnimation.swift in Sources */ = {isa = PBXBuildFile; fileRef = 980E91921D543FBF000A19CA /* ItemTransitionAnimation.swift */; };
		980E91951D54405E000A19CA /* TransitionType.swift in Sources */ = {isa = PBXBuildFile; fileRef = 980E91941D54405E000A19CA /* TransitionType.swift */; };
		980E91971D548D42000A19CA /* RegisterViewController.swift in Sources */ = {isa = PBXBuildFile; fileRef = 980E91961D548D42000A19CA /* RegisterViewController.swift */; };
		980E91991D548D6E000A19CA /* ReplaceViewController.swift in Sources */ = {isa = PBXBuildFile; fileRef = 980E91981D548D6E000A19CA /* ReplaceViewController.swift */; };
		980E919C1D54906B000A19CA /* LeadingTransitionDelegate.swift in Sources */ = {isa = PBXBuildFile; fileRef = 980E919B1D54906B000A19CA /* LeadingTransitionDelegate.swift */; };
		98123D8C1D77C13E00F416EA /* SearchingSelectViewController.swift in Sources */ = {isa = PBXBuildFile; fileRef = 98123D8B1D77C13E00F416EA /* SearchingSelectViewController.swift */; };
		98123D8E1D77C35000F416EA /* SearchingListViewController.swift in Sources */ = {isa = PBXBuildFile; fileRef = 98123D8D1D77C35000F416EA /* SearchingListViewController.swift */; };
		98123D901D77C4F200F416EA /* SearchingSelectTableViewCell.swift in Sources */ = {isa = PBXBuildFile; fileRef = 98123D8F1D77C4F200F416EA /* SearchingSelectTableViewCell.swift */; };
		98123D921D77C85F00F416EA /* SearchingResultTableViewCell.swift in Sources */ = {isa = PBXBuildFile; fileRef = 98123D911D77C85F00F416EA /* SearchingResultTableViewCell.swift */; };
		98123DB51D78243100F416EA /* Journal.storyboard in Resources */ = {isa = PBXBuildFile; fileRef = 98123DB41D78243100F416EA /* Journal.storyboard */; };
		98123DB91D782C0500F416EA /* JournalViewController.swift in Sources */ = {isa = PBXBuildFile; fileRef = 98123DB81D782C0500F416EA /* JournalViewController.swift */; };
		98123DBB1D782C5000F416EA /* JournalTabBarController.swift in Sources */ = {isa = PBXBuildFile; fileRef = 98123DBA1D782C4F00F416EA /* JournalTabBarController.swift */; };
		98123DC41D79247800F416EA /* JournalFocusTableViewController.swift in Sources */ = {isa = PBXBuildFile; fileRef = 98123DC31D79247800F416EA /* JournalFocusTableViewController.swift */; };
		98123DCB1D79550C00F416EA /* JournalBrandTableViewController.swift in Sources */ = {isa = PBXBuildFile; fileRef = 98123DCA1D79550C00F416EA /* JournalBrandTableViewController.swift */; };
		98123DCD1D79563F00F416EA /* JournalCategoryCollectionViewController.swift in Sources */ = {isa = PBXBuildFile; fileRef = 98123DCC1D79563F00F416EA /* JournalCategoryCollectionViewController.swift */; };
		98123DCF1D795C1000F416EA /* JournalSequenceDetailCollectionViewCell.swift in Sources */ = {isa = PBXBuildFile; fileRef = 98123DCE1D795C1000F416EA /* JournalSequenceDetailCollectionViewCell.swift */; };
		98123DD11D795C2700F416EA /* JournalSequenceTitleCollectionViewCell.swift in Sources */ = {isa = PBXBuildFile; fileRef = 98123DD01D795C2700F416EA /* JournalSequenceTitleCollectionViewCell.swift */; };
		98123DD31D795C4000F416EA /* JournalSequenceCollectionViewController.swift in Sources */ = {isa = PBXBuildFile; fileRef = 98123DD21D795C4000F416EA /* JournalSequenceCollectionViewController.swift */; };
		98123DD51D795C5D00F416EA /* JournalSequenceHeaderCollectionReusableView.swift in Sources */ = {isa = PBXBuildFile; fileRef = 98123DD41D795C5D00F416EA /* JournalSequenceHeaderCollectionReusableView.swift */; };
		98123DD71D79659700F416EA /* JournalFocusTableViewCell.swift in Sources */ = {isa = PBXBuildFile; fileRef = 98123DD61D79659700F416EA /* JournalFocusTableViewCell.swift */; };
		98123DD91D79675800F416EA /* JournalBrandTableViewCell.swift in Sources */ = {isa = PBXBuildFile; fileRef = 98123DD81D79675800F416EA /* JournalBrandTableViewCell.swift */; };
		984C76471D5BFD5E00B3588D /* InterestCollectionViewCell.swift in Sources */ = {isa = PBXBuildFile; fileRef = 984C76461D5BFD5E00B3588D /* InterestCollectionViewCell.swift */; };
		984C76491D5C26F500B3588D /* MyShelfCollectionViewCell.swift in Sources */ = {isa = PBXBuildFile; fileRef = 984C76481D5C26F500B3588D /* MyShelfCollectionViewCell.swift */; };
		984C764B1D5C2A5300B3588D /* MyShelfCollectionReusableView.swift in Sources */ = {isa = PBXBuildFile; fileRef = 984C764A1D5C2A5300B3588D /* MyShelfCollectionReusableView.swift */; };
		984C764D1D5C5D9D00B3588D /* CoverTransitionAnimation.swift in Sources */ = {isa = PBXBuildFile; fileRef = 984C764C1D5C5D9D00B3588D /* CoverTransitionAnimation.swift */; };
		984C764F1D5C633100B3588D /* ReadedBookListTransitionDelegate.swift in Sources */ = {isa = PBXBuildFile; fileRef = 984C764E1D5C633100B3588D /* ReadedBookListTransitionDelegate.swift */; };
		984C76541D5C6DBA00B3588D /* DisappearTransitionAnimation.swift in Sources */ = {isa = PBXBuildFile; fileRef = 984C76531D5C6DBA00B3588D /* DisappearTransitionAnimation.swift */; };
		984C76561D5C701000B3588D /* DisappearTransitionDelegate.swift in Sources */ = {isa = PBXBuildFile; fileRef = 984C76551D5C701000B3588D /* DisappearTransitionDelegate.swift */; };
		984C76981D5D726600B3588D /* PersonalTabBar.swift in Sources */ = {isa = PBXBuildFile; fileRef = 984C76971D5D726600B3588D /* PersonalTabBar.swift */; };
		984C769A1D5D7A1300B3588D /* PersonalTabBar.xib in Resources */ = {isa = PBXBuildFile; fileRef = 984C76991D5D7A1300B3588D /* PersonalTabBar.xib */; };
		98522C9A1D5DC6B000F32FD5 /* Alamofire.framework in Frameworks */ = {isa = PBXBuildFile; fileRef = 98522C8D1D5DC6A900F32FD5 /* Alamofire.framework */; };
		98522C9B1D5DC6B000F32FD5 /* Alamofire.framework in Embed Frameworks */ = {isa = PBXBuildFile; fileRef = 98522C8D1D5DC6A900F32FD5 /* Alamofire.framework */; settings = {ATTRIBUTES = (CodeSignOnCopy, RemoveHeadersOnCopy, ); }; };
		98522C9F1D5DC6E600F32FD5 /* HttpManager.swift in Sources */ = {isa = PBXBuildFile; fileRef = 98522C9E1D5DC6E600F32FD5 /* HttpManager.swift */; };
		98710BAB1D7429B8000614E0 /* CategoryViewController.swift in Sources */ = {isa = PBXBuildFile; fileRef = 98710BAA1D7429B8000614E0 /* CategoryViewController.swift */; };
		98710BAE1D742E78000614E0 /* CategoryImageCollectionViewCell.swift in Sources */ = {isa = PBXBuildFile; fileRef = 98710BAD1D742E78000614E0 /* CategoryImageCollectionViewCell.swift */; };
		98710BB01D742E8E000614E0 /* CategoryTitleCollectionViewCell.swift in Sources */ = {isa = PBXBuildFile; fileRef = 98710BAF1D742E8E000614E0 /* CategoryTitleCollectionViewCell.swift */; };
		98949D381D757B3D001FD433 /* FindViewController.swift in Sources */ = {isa = PBXBuildFile; fileRef = 98949D371D757B3D001FD433 /* FindViewController.swift */; };
		98949D3B1D757C0C001FD433 /* FindNewMagazineCollectionViewCell.swift in Sources */ = {isa = PBXBuildFile; fileRef = 98949D3A1D757C0C001FD433 /* FindNewMagazineCollectionViewCell.swift */; };
		98949D3D1D757C20001FD433 /* FindListenCollectionViewCell.swift in Sources */ = {isa = PBXBuildFile; fileRef = 98949D3C1D757C20001FD433 /* FindListenCollectionViewCell.swift */; };
		98949D3F1D757C8C001FD433 /* FindHeaderCollectionReusableView.swift in Sources */ = {isa = PBXBuildFile; fileRef = 98949D3E1D757C8C001FD433 /* FindHeaderCollectionReusableView.swift */; };
		98949D601D767CB6001FD433 /* SearchingDefaultViewController.swift in Sources */ = {isa = PBXBuildFile; fileRef = 98949D5F1D767CB6001FD433 /* SearchingDefaultViewController.swift */; };
		98949D621D767D20001FD433 /* SearchingHistoryCollectionViewCell.swift in Sources */ = {isa = PBXBuildFile; fileRef = 98949D611D767D20001FD433 /* SearchingHistoryCollectionViewCell.swift */; };
		98949D641D767D86001FD433 /* SearchingDefaultListCollectionViewCell.swift in Sources */ = {isa = PBXBuildFile; fileRef = 98949D631D767D86001FD433 /* SearchingDefaultListCollectionViewCell.swift */; };
		98949D661D767F43001FD433 /* SearchingHeaderCollectionReusableView.swift in Sources */ = {isa = PBXBuildFile; fileRef = 98949D651D767F43001FD433 /* SearchingHeaderCollectionReusableView.swift */; };
		98949D681D76D272001FD433 /* SearchingTransitionDelegate.swift in Sources */ = {isa = PBXBuildFile; fileRef = 98949D671D76D272001FD433 /* SearchingTransitionDelegate.swift */; };
		98B1679B1D4993E80001EDAC /* AppDelegate.swift in Sources */ = {isa = PBXBuildFile; fileRef = 98B1679A1D4993E80001EDAC /* AppDelegate.swift */; };
		98B167A01D4993E80001EDAC /* Main.storyboard in Resources */ = {isa = PBXBuildFile; fileRef = 98B1679E1D4993E80001EDAC /* Main.storyboard */; };
		98B167A21D4993E80001EDAC /* Assets.xcassets in Resources */ = {isa = PBXBuildFile; fileRef = 98B167A11D4993E80001EDAC /* Assets.xcassets */; };
		98B167A51D4993E80001EDAC /* LaunchScreen.storyboard in Resources */ = {isa = PBXBuildFile; fileRef = 98B167A31D4993E80001EDAC /* LaunchScreen.storyboard */; };
		98B167BA1D49B11B0001EDAC /* Custom.storyboard in Resources */ = {isa = PBXBuildFile; fileRef = 98B167B91D49B11B0001EDAC /* Custom.storyboard */; };
		98B1EAE51D4EF09100DD494A /* RootTabBarViewController.swift in Sources */ = {isa = PBXBuildFile; fileRef = 98B1EAE41D4EF09100DD494A /* RootTabBarViewController.swift */; };
		98B1EAE91D4EF34000DD494A /* Category.storyboard in Resources */ = {isa = PBXBuildFile; fileRef = 98B1EAE81D4EF34000DD494A /* Category.storyboard */; };
		98B1EAEB1D4EF34C00DD494A /* Paper.storyboard in Resources */ = {isa = PBXBuildFile; fileRef = 98B1EAEA1D4EF34C00DD494A /* Paper.storyboard */; };
		98B1EAED1D4EF35900DD494A /* Find.storyboard in Resources */ = {isa = PBXBuildFile; fileRef = 98B1EAEC1D4EF35900DD494A /* Find.storyboard */; };
		98B1EAEF1D4F235500DD494A /* Selecting.storyboard in Resources */ = {isa = PBXBuildFile; fileRef = 98B1EAEE1D4F235500DD494A /* Selecting.storyboard */; };
		98B1EB1A1D50946F00DD494A /* ReadBookListTableViewController.swift in Sources */ = {isa = PBXBuildFile; fileRef = 98B1EB191D50946F00DD494A /* ReadBookListTableViewController.swift */; };
		98C186201D6704ED008FCB15 /* BookListBook.swift in Sources */ = {isa = PBXBuildFile; fileRef = 98C1861D1D6704ED008FCB15 /* BookListBook.swift */; };
		98C186211D6704ED008FCB15 /* BookListData.swift in Sources */ = {isa = PBXBuildFile; fileRef = 98C1861E1D6704ED008FCB15 /* BookListData.swift */; };
		98C186221D6704ED008FCB15 /* BookListReturnData.swift in Sources */ = {isa = PBXBuildFile; fileRef = 98C1861F1D6704ED008FCB15 /* BookListReturnData.swift */; };
		98C186511D6A962C008FCB15 /* BookIntroduceViewController.swift in Sources */ = {isa = PBXBuildFile; fileRef = 98C186501D6A962C008FCB15 /* BookIntroduceViewController.swift */; };
		98C1865E1D6AA845008FCB15 /* SummaryData.swift in Sources */ = {isa = PBXBuildFile; fileRef = 98C1865A1D6AA845008FCB15 /* SummaryData.swift */; };
		98C1865F1D6AA845008FCB15 /* SummaryReturnData.swift in Sources */ = {isa = PBXBuildFile; fileRef = 98C1865B1D6AA845008FCB15 /* SummaryReturnData.swift */; };
		98C186601D6AA845008FCB15 /* SummaryRow.swift in Sources */ = {isa = PBXBuildFile; fileRef = 98C1865C1D6AA845008FCB15 /* SummaryRow.swift */; };
		98C186611D6AA845008FCB15 /* SummarySelectedBook.swift in Sources */ = {isa = PBXBuildFile; fileRef = 98C1865D1D6AA845008FCB15 /* SummarySelectedBook.swift */; };
		98C186651D6AD2E3008FCB15 /* SummaryListTableViewController.swift in Sources */ = {isa = PBXBuildFile; fileRef = 98C186641D6AD2E3008FCB15 /* SummaryListTableViewController.swift */; };
		98C186691D6ADCAA008FCB15 /* SummaryListTableViewCell.swift in Sources */ = {isa = PBXBuildFile; fileRef = 98C186681D6ADCAA008FCB15 /* SummaryListTableViewCell.swift */; };
		98C186731D6C3426008FCB15 /* DeleteMyShelfViewController.swift in Sources */ = {isa = PBXBuildFile; fileRef = 98C186721D6C3426008FCB15 /* DeleteMyShelfViewController.swift */; };
		98C186771D6C3E65008FCB15 /* DeleteMyShelfCollectionViewCell.swift in Sources */ = {isa = PBXBuildFile; fileRef = 98C186761D6C3E65008FCB15 /* DeleteMyShelfCollectionViewCell.swift */; };
		98C186791D6C4402008FCB15 /* AppearTransitionAnimation.swift in Sources */ = {isa = PBXBuildFile; fileRef = 98C186781D6C4402008FCB15 /* AppearTransitionAnimation.swift */; };
		98C1867B1D6C4507008FCB15 /* DeleteMyShelfTransitionDelegate.swift in Sources */ = {isa = PBXBuildFile; fileRef = 98C1867A1D6C4507008FCB15 /* DeleteMyShelfTransitionDelegate.swift */; };
		98C1868B1D6D704C008FCB15 /* SelectData.swift in Sources */ = {isa = PBXBuildFile; fileRef = 98C186871D6D704C008FCB15 /* SelectData.swift */; };
		98C1868C1D6D704C008FCB15 /* SelectReturnData.swift in Sources */ = {isa = PBXBuildFile; fileRef = 98C186881D6D704C008FCB15 /* SelectReturnData.swift */; };
		98C1868D1D6D704C008FCB15 /* SelectRootData.swift in Sources */ = {isa = PBXBuildFile; fileRef = 98C186891D6D704C008FCB15 /* SelectRootData.swift */; };
		98C1868E1D6D704C008FCB15 /* SelectRow.swift in Sources */ = {isa = PBXBuildFile; fileRef = 98C1868A1D6D704C008FCB15 /* SelectRow.swift */; };
		98C186911D6D7F99008FCB15 /* SelectingImagePageViewController.swift in Sources */ = {isa = PBXBuildFile; fileRef = 98C186901D6D7F99008FCB15 /* SelectingImagePageViewController.swift */; };
		98C7ACC31D640C740077DDAB /* URLHealper.swift in Sources */ = {isa = PBXBuildFile; fileRef = 98C7ACC21D640C740077DDAB /* URLHealper.swift */; };
		98D9CB2D1D6157F400510E08 /* SelectingViewController.swift in Sources */ = {isa = PBXBuildFile; fileRef = 98D9CB2C1D6157F400510E08 /* SelectingViewController.swift */; };
		98D9CB301D615EA500510E08 /* SelectingDetailTableViewCell.swift in Sources */ = {isa = PBXBuildFile; fileRef = 98D9CB2E1D615EA500510E08 /* SelectingDetailTableViewCell.swift */; };
		98D9CB311D615EA500510E08 /* SelectingDetailTableViewCell.xib in Resources */ = {isa = PBXBuildFile; fileRef = 98D9CB2F1D615EA500510E08 /* SelectingDetailTableViewCell.xib */; };
		98D9CB3E1D61BD6100510E08 /* SelectingTitleCollectionViewCell.swift in Sources */ = {isa = PBXBuildFile; fileRef = 98D9CB3D1D61BD6100510E08 /* SelectingTitleCollectionViewCell.swift */; };
		98D9D1191D62F02D00A9D740 /* Row.swift in Sources */ = {isa = PBXBuildFile; fileRef = 98D9D1181D62F02D00A9D740 /* Row.swift */; };
		98D9D11B1D62F0DE00A9D740 /* Interests.swift in Sources */ = {isa = PBXBuildFile; fileRef = 98D9D11A1D62F0DE00A9D740 /* Interests.swift */; };
		98EE33AD1D65AE6B00FD2CC3 /* KeychainUtility.swift in Sources */ = {isa = PBXBuildFile; fileRef = 98EE33AC1D65AE6B00FD2CC3 /* KeychainUtility.swift */; };
		98EE33D51D66DE6A00FD2CC3 /* MyShelf.swift in Sources */ = {isa = PBXBuildFile; fileRef = 98EE33D41D66DE6A00FD2CC3 /* MyShelf.swift */; };
		98EE33DE1D66DF0600FD2CC3 /* MyBook.swift in Sources */ = {isa = PBXBuildFile; fileRef = 98EE33DD1D66DF0600FD2CC3 /* MyBook.swift */; };
		98EE33E01D66DF2D00FD2CC3 /* ReadedBook.swift in Sources */ = {isa = PBXBuildFile; fileRef = 98EE33DF1D66DF2D00FD2CC3 /* ReadedBook.swift */; };
		98F028101D6EA18E00B8ECCE /* ImagesViewController.swift in Sources */ = {isa = PBXBuildFile; fileRef = 98F0280F1D6EA18E00B8ECCE /* ImagesViewController.swift */; };
		98F028141D6EA1A700B8ECCE /* ImageContent.storyboard in Resources */ = {isa = PBXBuildFile; fileRef = 98F028131D6EA1A700B8ECCE /* ImageContent.storyboard */; };
		98F028531D6EEDFB00B8ECCE /* ReadedAdvice.swift in Sources */ = {isa = PBXBuildFile; fileRef = 98F028501D6EEDFB00B8ECCE /* ReadedAdvice.swift */; };
		98F028541D6EEDFB00B8ECCE /* ReadedData.swift in Sources */ = {isa = PBXBuildFile; fileRef = 98F028511D6EEDFB00B8ECCE /* ReadedData.swift */; };
		98FFB0191D7432D6000F8BBF /* CategoryHeaderCollectionReusableView.swift in Sources */ = {isa = PBXBuildFile; fileRef = 98FFB0181D7432D6000F8BBF /* CategoryHeaderCollectionReusableView.swift */; };
/* End PBXBuildFile section */

/* Begin PBXContainerItemProxy section */
		98522C8C1D5DC6A900F32FD5 /* PBXContainerItemProxy */ = {
			isa = PBXContainerItemProxy;
			containerPortal = 98522C811D5DC6A800F32FD5 /* Alamofire.xcodeproj */;
			proxyType = 2;
			remoteGlobalIDString = F8111E3319A95C8B0040E7D1;
			remoteInfo = "Alamofire iOS";
		};
		98522C8E1D5DC6A900F32FD5 /* PBXContainerItemProxy */ = {
			isa = PBXContainerItemProxy;
			containerPortal = 98522C811D5DC6A800F32FD5 /* Alamofire.xcodeproj */;
			proxyType = 2;
			remoteGlobalIDString = F8111E3E19A95C8B0040E7D1;
			remoteInfo = "Alamofire iOS Tests";
		};
		98522C901D5DC6A900F32FD5 /* PBXContainerItemProxy */ = {
			isa = PBXContainerItemProxy;
			containerPortal = 98522C811D5DC6A800F32FD5 /* Alamofire.xcodeproj */;
			proxyType = 2;
			remoteGlobalIDString = 4DD67C0B1A5C55C900ED2280;
			remoteInfo = "Alamofire OSX";
		};
		98522C921D5DC6A900F32FD5 /* PBXContainerItemProxy */ = {
			isa = PBXContainerItemProxy;
			containerPortal = 98522C811D5DC6A800F32FD5 /* Alamofire.xcodeproj */;
			proxyType = 2;
			remoteGlobalIDString = F829C6B21A7A94F100A2CD59;
			remoteInfo = "Alamofire OSX Tests";
		};
		98522C941D5DC6A900F32FD5 /* PBXContainerItemProxy */ = {
			isa = PBXContainerItemProxy;
			containerPortal = 98522C811D5DC6A800F32FD5 /* Alamofire.xcodeproj */;
			proxyType = 2;
			remoteGlobalIDString = 4CF626EF1BA7CB3E0011A099;
			remoteInfo = "Alamofire tvOS";
		};
		98522C961D5DC6A900F32FD5 /* PBXContainerItemProxy */ = {
			isa = PBXContainerItemProxy;
			containerPortal = 98522C811D5DC6A800F32FD5 /* Alamofire.xcodeproj */;
			proxyType = 2;
			remoteGlobalIDString = 4CF626F81BA7CB3E0011A099;
			remoteInfo = "Alamofire tvOS Tests";
		};
		98522C981D5DC6A900F32FD5 /* PBXContainerItemProxy */ = {
			isa = PBXContainerItemProxy;
			containerPortal = 98522C811D5DC6A800F32FD5 /* Alamofire.xcodeproj */;
			proxyType = 2;
			remoteGlobalIDString = E4202FE01B667AA100C997FB;
			remoteInfo = "Alamofire watchOS";
		};
		98522C9C1D5DC6B000F32FD5 /* PBXContainerItemProxy */ = {
			isa = PBXContainerItemProxy;
			containerPortal = 98522C811D5DC6A800F32FD5 /* Alamofire.xcodeproj */;
			proxyType = 1;
			remoteGlobalIDString = F8111E3219A95C8B0040E7D1;
			remoteInfo = "Alamofire iOS";
		};
/* End PBXContainerItemProxy section */

/* Begin PBXCopyFilesBuildPhase section */
		98F9CCAE1D597FA900EEFFA4 /* Embed Frameworks */ = {
			isa = PBXCopyFilesBuildPhase;
			buildActionMask = 2147483647;
			dstPath = "";
			dstSubfolderSpec = 10;
			files = (
				98522C9B1D5DC6B000F32FD5 /* Alamofire.framework in Embed Frameworks */,
			);
			name = "Embed Frameworks";
			runOnlyForDeploymentPostprocessing = 0;
		};
/* End PBXCopyFilesBuildPhase section */

/* Begin PBXFileReference section */
		980301B91D7FB99500180FDA /* Listen.storyboard */ = {isa = PBXFileReference; fileEncoding = 4; lastKnownFileType = file.storyboard; path = Listen.storyboard; sourceTree = "<group>"; };
		980301BF1D7FF0A700180FDA /* ListenViewController.swift */ = {isa = PBXFileReference; fileEncoding = 4; lastKnownFileType = sourcecode.swift; path = ListenViewController.swift; sourceTree = "<group>"; };
		980301C11D7FF0FC00180FDA /* ListenTabViewController.swift */ = {isa = PBXFileReference; fileEncoding = 4; lastKnownFileType = sourcecode.swift; path = ListenTabViewController.swift; sourceTree = "<group>"; };
		980301C31D7FF41100180FDA /* ListenAdviceCollectionViewController.swift */ = {isa = PBXFileReference; fileEncoding = 4; lastKnownFileType = sourcecode.swift; path = ListenAdviceCollectionViewController.swift; sourceTree = "<group>"; };
		980301C51D7FF44F00180FDA /* ListenCategoryCollectionViewController.swift */ = {isa = PBXFileReference; fileEncoding = 4; lastKnownFileType = sourcecode.swift; path = ListenCategoryCollectionViewController.swift; sourceTree = "<group>"; };
		980301C91D7FF4BB00180FDA /* ListenSequenceTableViewController.swift */ = {isa = PBXFileReference; fileEncoding = 4; lastKnownFileType = sourcecode.swift; path = ListenSequenceTableViewController.swift; sourceTree = "<group>"; };
		980301CB1D7FF4EA00180FDA /* ListenFamousViewController.swift */ = {isa = PBXFileReference; fileEncoding = 4; lastKnownFileType = sourcecode.swift; path = ListenFamousViewController.swift; sourceTree = "<group>"; };
		980301CD1D7FF79600180FDA /* ListenAdviceCollectionViewCell.swift */ = {isa = PBXFileReference; fileEncoding = 4; lastKnownFileType = sourcecode.swift; path = ListenAdviceCollectionViewCell.swift; sourceTree = "<group>"; };
		980301CF1D7FF7BF00180FDA /* ListenAdviceHeaderCollectionReusableView.swift */ = {isa = PBXFileReference; fileEncoding = 4; lastKnownFileType = sourcecode.swift; path = ListenAdviceHeaderCollectionReusableView.swift; sourceTree = "<group>"; };
		980301D11D7FFE1300180FDA /* ListenCategoryCollectionViewCell.swift */ = {isa = PBXFileReference; fileEncoding = 4; lastKnownFileType = sourcecode.swift; path = ListenCategoryCollectionViewCell.swift; sourceTree = "<group>"; };
		980301D31D7FFE3A00180FDA /* ListenCategoryHeaderCollectionReusableView.swift */ = {isa = PBXFileReference; fileEncoding = 4; lastKnownFileType = sourcecode.swift; path = ListenCategoryHeaderCollectionReusableView.swift; sourceTree = "<group>"; };
		980301D51D8000FB00180FDA /* ListenSequenceTableViewCell.swift */ = {isa = PBXFileReference; fileEncoding = 4; lastKnownFileType = sourcecode.swift; path = ListenSequenceTableViewCell.swift; sourceTree = "<group>"; };
		980301D71D8006E400180FDA /* ListenImagePageViewController.swift */ = {isa = PBXFileReference; fileEncoding = 4; lastKnownFileType = sourcecode.swift; path = ListenImagePageViewController.swift; sourceTree = "<group>"; };
		980301D91D800CB700180FDA /* ListenFamousCollectionViewCell.swift */ = {isa = PBXFileReference; fileEncoding = 4; lastKnownFileType = sourcecode.swift; path = ListenFamousCollectionViewCell.swift; sourceTree = "<group>"; };
		980301DB1D800CF100180FDA /* ListenFamousHeaderCollectionReusableView.swift */ = {isa = PBXFileReference; fileEncoding = 4; lastKnownFileType = sourcecode.swift; path = ListenFamousHeaderCollectionReusableView.swift; sourceTree = "<group>"; };
		980301DD1D80F2E900180FDA /* TopListViewController.swift */ = {isa = PBXFileReference; fileEncoding = 4; lastKnownFileType = sourcecode.swift; path = TopListViewController.swift; sourceTree = "<group>"; };
		980E91601D5174B3000A19CA /* MyShelfViewController.swift */ = {isa = PBXFileReference; fileEncoding = 4; lastKnownFileType = sourcecode.swift; path = MyShelfViewController.swift; sourceTree = "<group>"; };
		980E91621D51942D000A19CA /* ReadBookTableViewCell.swift */ = {isa = PBXFileReference; fileEncoding = 4; lastKnownFileType = sourcecode.swift; path = ReadBookTableViewCell.swift; sourceTree = "<group>"; };
		980E91651D51D11C000A19CA /* InterestViewController.swift */ = {isa = PBXFileReference; fileEncoding = 4; lastKnownFileType = sourcecode.swift; path = InterestViewController.swift; sourceTree = "<group>"; };
		980E91671D51D128000A19CA /* SexViewController.swift */ = {isa = PBXFileReference; fileEncoding = 4; lastKnownFileType = sourcecode.swift; path = SexViewController.swift; sourceTree = "<group>"; };
		980E916C1D52E42B000A19CA /* LoginViewController.swift */ = {isa = PBXFileReference; fileEncoding = 4; lastKnownFileType = sourcecode.swift; path = LoginViewController.swift; sourceTree = "<group>"; };
		980E916E1D531FAB000A19CA /* BubbleAnimation.swift */ = {isa = PBXFileReference; fileEncoding = 4; lastKnownFileType = sourcecode.swift; path = BubbleAnimation.swift; sourceTree = "<group>"; };
		980E91721D533065000A19CA /* MaskPresentTationController.swift */ = {isa = PBXFileReference; fileEncoding = 4; lastKnownFileType = sourcecode.swift; path = MaskPresentTationController.swift; sourceTree = "<group>"; };
		980E91921D543FBF000A19CA /* ItemTransitionAnimation.swift */ = {isa = PBXFileReference; fileEncoding = 4; lastKnownFileType = sourcecode.swift; path = ItemTransitionAnimation.swift; sourceTree = "<group>"; };
		980E91941D54405E000A19CA /* TransitionType.swift */ = {isa = PBXFileReference; fileEncoding = 4; lastKnownFileType = sourcecode.swift; path = TransitionType.swift; sourceTree = "<group>"; };
		980E91961D548D42000A19CA /* RegisterViewController.swift */ = {isa = PBXFileReference; fileEncoding = 4; lastKnownFileType = sourcecode.swift; path = RegisterViewController.swift; sourceTree = "<group>"; };
		980E91981D548D6E000A19CA /* ReplaceViewController.swift */ = {isa = PBXFileReference; fileEncoding = 4; lastKnownFileType = sourcecode.swift; path = ReplaceViewController.swift; sourceTree = "<group>"; };
		980E919B1D54906B000A19CA /* LeadingTransitionDelegate.swift */ = {isa = PBXFileReference; fileEncoding = 4; lastKnownFileType = sourcecode.swift; path = LeadingTransitionDelegate.swift; sourceTree = "<group>"; };
		98123D8B1D77C13E00F416EA /* SearchingSelectViewController.swift */ = {isa = PBXFileReference; fileEncoding = 4; lastKnownFileType = sourcecode.swift; path = SearchingSelectViewController.swift; sourceTree = "<group>"; };
		98123D8D1D77C35000F416EA /* SearchingListViewController.swift */ = {isa = PBXFileReference; fileEncoding = 4; lastKnownFileType = sourcecode.swift; path = SearchingListViewController.swift; sourceTree = "<group>"; };
		98123D8F1D77C4F200F416EA /* SearchingSelectTableViewCell.swift */ = {isa = PBXFileReference; fileEncoding = 4; lastKnownFileType = sourcecode.swift; path = SearchingSelectTableViewCell.swift; sourceTree = "<group>"; };
		98123D911D77C85F00F416EA /* SearchingResultTableViewCell.swift */ = {isa = PBXFileReference; fileEncoding = 4; lastKnownFileType = sourcecode.swift; path = SearchingResultTableViewCell.swift; sourceTree = "<group>"; };
		98123DB41D78243100F416EA /* Journal.storyboard */ = {isa = PBXFileReference; fileEncoding = 4; lastKnownFileType = file.storyboard; path = Journal.storyboard; sourceTree = "<group>"; };
		98123DB81D782C0500F416EA /* JournalViewController.swift */ = {isa = PBXFileReference; fileEncoding = 4; lastKnownFileType = sourcecode.swift; path = JournalViewController.swift; sourceTree = "<group>"; };
		98123DBA1D782C4F00F416EA /* JournalTabBarController.swift */ = {isa = PBXFileReference; fileEncoding = 4; lastKnownFileType = sourcecode.swift; path = JournalTabBarController.swift; sourceTree = "<group>"; };
		98123DC31D79247800F416EA /* JournalFocusTableViewController.swift */ = {isa = PBXFileReference; fileEncoding = 4; lastKnownFileType = sourcecode.swift; path = JournalFocusTableViewController.swift; sourceTree = "<group>"; };
		98123DCA1D79550C00F416EA /* JournalBrandTableViewController.swift */ = {isa = PBXFileReference; fileEncoding = 4; lastKnownFileType = sourcecode.swift; path = JournalBrandTableViewController.swift; sourceTree = "<group>"; };
		98123DCC1D79563F00F416EA /* JournalCategoryCollectionViewController.swift */ = {isa = PBXFileReference; fileEncoding = 4; lastKnownFileType = sourcecode.swift; path = JournalCategoryCollectionViewController.swift; sourceTree = "<group>"; };
		98123DCE1D795C1000F416EA /* JournalSequenceDetailCollectionViewCell.swift */ = {isa = PBXFileReference; fileEncoding = 4; lastKnownFileType = sourcecode.swift; path = JournalSequenceDetailCollectionViewCell.swift; sourceTree = "<group>"; };
		98123DD01D795C2700F416EA /* JournalSequenceTitleCollectionViewCell.swift */ = {isa = PBXFileReference; fileEncoding = 4; lastKnownFileType = sourcecode.swift; path = JournalSequenceTitleCollectionViewCell.swift; sourceTree = "<group>"; };
		98123DD21D795C4000F416EA /* JournalSequenceCollectionViewController.swift */ = {isa = PBXFileReference; fileEncoding = 4; lastKnownFileType = sourcecode.swift; path = JournalSequenceCollectionViewController.swift; sourceTree = "<group>"; };
		98123DD41D795C5D00F416EA /* JournalSequenceHeaderCollectionReusableView.swift */ = {isa = PBXFileReference; fileEncoding = 4; lastKnownFileType = sourcecode.swift; path = JournalSequenceHeaderCollectionReusableView.swift; sourceTree = "<group>"; };
		98123DD61D79659700F416EA /* JournalFocusTableViewCell.swift */ = {isa = PBXFileReference; fileEncoding = 4; lastKnownFileType = sourcecode.swift; path = JournalFocusTableViewCell.swift; sourceTree = "<group>"; };
		98123DD81D79675800F416EA /* JournalBrandTableViewCell.swift */ = {isa = PBXFileReference; fileEncoding = 4; lastKnownFileType = sourcecode.swift; path = JournalBrandTableViewCell.swift; sourceTree = "<group>"; };
		984C76461D5BFD5E00B3588D /* InterestCollectionViewCell.swift */ = {isa = PBXFileReference; fileEncoding = 4; lastKnownFileType = sourcecode.swift; path = InterestCollectionViewCell.swift; sourceTree = "<group>"; };
		984C76481D5C26F500B3588D /* MyShelfCollectionViewCell.swift */ = {isa = PBXFileReference; fileEncoding = 4; lastKnownFileType = sourcecode.swift; path = MyShelfCollectionViewCell.swift; sourceTree = "<group>"; };
		984C764A1D5C2A5300B3588D /* MyShelfCollectionReusableView.swift */ = {isa = PBXFileReference; fileEncoding = 4; lastKnownFileType = sourcecode.swift; path = MyShelfCollectionReusableView.swift; sourceTree = "<group>"; };
		984C764C1D5C5D9D00B3588D /* CoverTransitionAnimation.swift */ = {isa = PBXFileReference; fileEncoding = 4; lastKnownFileType = sourcecode.swift; path = CoverTransitionAnimation.swift; sourceTree = "<group>"; };
		984C764E1D5C633100B3588D /* ReadedBookListTransitionDelegate.swift */ = {isa = PBXFileReference; fileEncoding = 4; lastKnownFileType = sourcecode.swift; path = ReadedBookListTransitionDelegate.swift; sourceTree = "<group>"; };
		984C76531D5C6DBA00B3588D /* DisappearTransitionAnimation.swift */ = {isa = PBXFileReference; fileEncoding = 4; lastKnownFileType = sourcecode.swift; path = DisappearTransitionAnimation.swift; sourceTree = "<group>"; };
		984C76551D5C701000B3588D /* DisappearTransitionDelegate.swift */ = {isa = PBXFileReference; fileEncoding = 4; lastKnownFileType = sourcecode.swift; path = DisappearTransitionDelegate.swift; sourceTree = "<group>"; };
		984C76971D5D726600B3588D /* PersonalTabBar.swift */ = {isa = PBXFileReference; fileEncoding = 4; lastKnownFileType = sourcecode.swift; path = PersonalTabBar.swift; sourceTree = "<group>"; };
		984C76991D5D7A1300B3588D /* PersonalTabBar.xib */ = {isa = PBXFileReference; fileEncoding = 4; lastKnownFileType = file.xib; path = PersonalTabBar.xib; sourceTree = "<group>"; };
		98522C811D5DC6A800F32FD5 /* Alamofire.xcodeproj */ = {isa = PBXFileReference; lastKnownFileType = "wrapper.pb-project"; name = Alamofire.xcodeproj; path = ../../../GitHub/Alamofire/Alamofire.xcodeproj; sourceTree = "<group>"; };
		98522C9E1D5DC6E600F32FD5 /* HttpManager.swift */ = {isa = PBXFileReference; fileEncoding = 4; lastKnownFileType = sourcecode.swift; path = HttpManager.swift; sourceTree = "<group>"; };
		98710BAA1D7429B8000614E0 /* CategoryViewController.swift */ = {isa = PBXFileReference; fileEncoding = 4; lastKnownFileType = sourcecode.swift; path = CategoryViewController.swift; sourceTree = "<group>"; };
		98710BAD1D742E78000614E0 /* CategoryImageCollectionViewCell.swift */ = {isa = PBXFileReference; fileEncoding = 4; lastKnownFileType = sourcecode.swift; path = CategoryImageCollectionViewCell.swift; sourceTree = "<group>"; };
		98710BAF1D742E8E000614E0 /* CategoryTitleCollectionViewCell.swift */ = {isa = PBXFileReference; fileEncoding = 4; lastKnownFileType = sourcecode.swift; path = CategoryTitleCollectionViewCell.swift; sourceTree = "<group>"; };
		98949D371D757B3D001FD433 /* FindViewController.swift */ = {isa = PBXFileReference; fileEncoding = 4; lastKnownFileType = sourcecode.swift; path = FindViewController.swift; sourceTree = "<group>"; };
		98949D3A1D757C0C001FD433 /* FindNewMagazineCollectionViewCell.swift */ = {isa = PBXFileReference; fileEncoding = 4; lastKnownFileType = sourcecode.swift; path = FindNewMagazineCollectionViewCell.swift; sourceTree = "<group>"; };
		98949D3C1D757C20001FD433 /* FindListenCollectionViewCell.swift */ = {isa = PBXFileReference; fileEncoding = 4; lastKnownFileType = sourcecode.swift; path = FindListenCollectionViewCell.swift; sourceTree = "<group>"; };
		98949D3E1D757C8C001FD433 /* FindHeaderCollectionReusableView.swift */ = {isa = PBXFileReference; fileEncoding = 4; lastKnownFileType = sourcecode.swift; path = FindHeaderCollectionReusableView.swift; sourceTree = "<group>"; };
		98949D5F1D767CB6001FD433 /* SearchingDefaultViewController.swift */ = {isa = PBXFileReference; fileEncoding = 4; lastKnownFileType = sourcecode.swift; path = SearchingDefaultViewController.swift; sourceTree = "<group>"; };
		98949D611D767D20001FD433 /* SearchingHistoryCollectionViewCell.swift */ = {isa = PBXFileReference; fileEncoding = 4; lastKnownFileType = sourcecode.swift; path = SearchingHistoryCollectionViewCell.swift; sourceTree = "<group>"; };
		98949D631D767D86001FD433 /* SearchingDefaultListCollectionViewCell.swift */ = {isa = PBXFileReference; fileEncoding = 4; lastKnownFileType = sourcecode.swift; path = SearchingDefaultListCollectionViewCell.swift; sourceTree = "<group>"; };
		98949D651D767F43001FD433 /* SearchingHeaderCollectionReusableView.swift */ = {isa = PBXFileReference; fileEncoding = 4; lastKnownFileType = sourcecode.swift; path = SearchingHeaderCollectionReusableView.swift; sourceTree = "<group>"; };
		98949D671D76D272001FD433 /* SearchingTransitionDelegate.swift */ = {isa = PBXFileReference; fileEncoding = 4; lastKnownFileType = sourcecode.swift; path = SearchingTransitionDelegate.swift; sourceTree = "<group>"; };
		98B167971D4993E80001EDAC /* ReaingSystem.app */ = {isa = PBXFileReference; explicitFileType = wrapper.application; includeInIndex = 0; path = ReaingSystem.app; sourceTree = BUILT_PRODUCTS_DIR; };
		98B1679A1D4993E80001EDAC /* AppDelegate.swift */ = {isa = PBXFileReference; lastKnownFileType = sourcecode.swift; path = AppDelegate.swift; sourceTree = "<group>"; };
		98B1679F1D4993E80001EDAC /* Base */ = {isa = PBXFileReference; lastKnownFileType = file.storyboard; name = Base; path = Base.lproj/Main.storyboard; sourceTree = "<group>"; };
		98B167A11D4993E80001EDAC /* Assets.xcassets */ = {isa = PBXFileReference; lastKnownFileType = folder.assetcatalog; path = Assets.xcassets; sourceTree = "<group>"; };
		98B167A41D4993E80001EDAC /* Base */ = {isa = PBXFileReference; lastKnownFileType = file.storyboard; name = Base; path = Base.lproj/LaunchScreen.storyboard; sourceTree = "<group>"; };
		98B167A61D4993E80001EDAC /* Info.plist */ = {isa = PBXFileReference; lastKnownFileType = text.plist.xml; path = Info.plist; sourceTree = "<group>"; };
		98B167B91D49B11B0001EDAC /* Custom.storyboard */ = {isa = PBXFileReference; fileEncoding = 4; lastKnownFileType = file.storyboard; path = Custom.storyboard; sourceTree = "<group>"; };
		98B1EAE41D4EF09100DD494A /* RootTabBarViewController.swift */ = {isa = PBXFileReference; fileEncoding = 4; lastKnownFileType = sourcecode.swift; path = RootTabBarViewController.swift; sourceTree = "<group>"; };
		98B1EAE81D4EF34000DD494A /* Category.storyboard */ = {isa = PBXFileReference; fileEncoding = 4; lastKnownFileType = file.storyboard; path = Category.storyboard; sourceTree = "<group>"; };
		98B1EAEA1D4EF34C00DD494A /* Paper.storyboard */ = {isa = PBXFileReference; fileEncoding = 4; lastKnownFileType = file.storyboard; path = Paper.storyboard; sourceTree = "<group>"; };
		98B1EAEC1D4EF35900DD494A /* Find.storyboard */ = {isa = PBXFileReference; fileEncoding = 4; lastKnownFileType = file.storyboard; path = Find.storyboard; sourceTree = "<group>"; };
		98B1EAEE1D4F235500DD494A /* Selecting.storyboard */ = {isa = PBXFileReference; fileEncoding = 4; lastKnownFileType = file.storyboard; path = Selecting.storyboard; sourceTree = "<group>"; };
		98B1EB191D50946F00DD494A /* ReadBookListTableViewController.swift */ = {isa = PBXFileReference; fileEncoding = 4; lastKnownFileType = sourcecode.swift; path = ReadBookListTableViewController.swift; sourceTree = "<group>"; };
		98C1861D1D6704ED008FCB15 /* BookListBook.swift */ = {isa = PBXFileReference; fileEncoding = 4; lastKnownFileType = sourcecode.swift; path = BookListBook.swift; sourceTree = "<group>"; };
		98C1861E1D6704ED008FCB15 /* BookListData.swift */ = {isa = PBXFileReference; fileEncoding = 4; lastKnownFileType = sourcecode.swift; path = BookListData.swift; sourceTree = "<group>"; };
		98C1861F1D6704ED008FCB15 /* BookListReturnData.swift */ = {isa = PBXFileReference; fileEncoding = 4; lastKnownFileType = sourcecode.swift; path = BookListReturnData.swift; sourceTree = "<group>"; };
		98C186501D6A962C008FCB15 /* BookIntroduceViewController.swift */ = {isa = PBXFileReference; fileEncoding = 4; lastKnownFileType = sourcecode.swift; path = BookIntroduceViewController.swift; sourceTree = "<group>"; };
		98C1865A1D6AA845008FCB15 /* SummaryData.swift */ = {isa = PBXFileReference; fileEncoding = 4; lastKnownFileType = sourcecode.swift; path = SummaryData.swift; sourceTree = "<group>"; };
		98C1865B1D6AA845008FCB15 /* SummaryReturnData.swift */ = {isa = PBXFileReference; fileEncoding = 4; lastKnownFileType = sourcecode.swift; path = SummaryReturnData.swift; sourceTree = "<group>"; };
		98C1865C1D6AA845008FCB15 /* SummaryRow.swift */ = {isa = PBXFileReference; fileEncoding = 4; lastKnownFileType = sourcecode.swift; path = SummaryRow.swift; sourceTree = "<group>"; };
		98C1865D1D6AA845008FCB15 /* SummarySelectedBook.swift */ = {isa = PBXFileReference; fileEncoding = 4; lastKnownFileType = sourcecode.swift; path = SummarySelectedBook.swift; sourceTree = "<group>"; };
		98C186641D6AD2E3008FCB15 /* SummaryListTableViewController.swift */ = {isa = PBXFileReference; fileEncoding = 4; lastKnownFileType = sourcecode.swift; path = SummaryListTableViewController.swift; sourceTree = "<group>"; };
		98C186681D6ADCAA008FCB15 /* SummaryListTableViewCell.swift */ = {isa = PBXFileReference; fileEncoding = 4; lastKnownFileType = sourcecode.swift; path = SummaryListTableViewCell.swift; sourceTree = "<group>"; };
		98C186721D6C3426008FCB15 /* DeleteMyShelfViewController.swift */ = {isa = PBXFileReference; fileEncoding = 4; lastKnownFileType = sourcecode.swift; path = DeleteMyShelfViewController.swift; sourceTree = "<group>"; };
		98C186761D6C3E65008FCB15 /* DeleteMyShelfCollectionViewCell.swift */ = {isa = PBXFileReference; fileEncoding = 4; lastKnownFileType = sourcecode.swift; path = DeleteMyShelfCollectionViewCell.swift; sourceTree = "<group>"; };
		98C186781D6C4402008FCB15 /* AppearTransitionAnimation.swift */ = {isa = PBXFileReference; fileEncoding = 4; lastKnownFileType = sourcecode.swift; path = AppearTransitionAnimation.swift; sourceTree = "<group>"; };
		98C1867A1D6C4507008FCB15 /* DeleteMyShelfTransitionDelegate.swift */ = {isa = PBXFileReference; fileEncoding = 4; lastKnownFileType = sourcecode.swift; path = DeleteMyShelfTransitionDelegate.swift; sourceTree = "<group>"; };
		98C186871D6D704C008FCB15 /* SelectData.swift */ = {isa = PBXFileReference; fileEncoding = 4; lastKnownFileType = sourcecode.swift; path = SelectData.swift; sourceTree = "<group>"; };
		98C186881D6D704C008FCB15 /* SelectReturnData.swift */ = {isa = PBXFileReference; fileEncoding = 4; lastKnownFileType = sourcecode.swift; path = SelectReturnData.swift; sourceTree = "<group>"; };
		98C186891D6D704C008FCB15 /* SelectRootData.swift */ = {isa = PBXFileReference; fileEncoding = 4; lastKnownFileType = sourcecode.swift; path = SelectRootData.swift; sourceTree = "<group>"; };
		98C1868A1D6D704C008FCB15 /* SelectRow.swift */ = {isa = PBXFileReference; fileEncoding = 4; lastKnownFileType = sourcecode.swift; path = SelectRow.swift; sourceTree = "<group>"; };
		98C186901D6D7F99008FCB15 /* SelectingImagePageViewController.swift */ = {isa = PBXFileReference; fileEncoding = 4; lastKnownFileType = sourcecode.swift; path = SelectingImagePageViewController.swift; sourceTree = "<group>"; };
		98C7ACC21D640C740077DDAB /* URLHealper.swift */ = {isa = PBXFileReference; fileEncoding = 4; lastKnownFileType = sourcecode.swift; path = URLHealper.swift; sourceTree = "<group>"; };
		98D9CB2C1D6157F400510E08 /* SelectingViewController.swift */ = {isa = PBXFileReference; fileEncoding = 4; lastKnownFileType = sourcecode.swift; path = SelectingViewController.swift; sourceTree = "<group>"; };
		98D9CB2E1D615EA500510E08 /* SelectingDetailTableViewCell.swift */ = {isa = PBXFileReference; fileEncoding = 4; lastKnownFileType = sourcecode.swift; path = SelectingDetailTableViewCell.swift; sourceTree = "<group>"; };
		98D9CB2F1D615EA500510E08 /* SelectingDetailTableViewCell.xib */ = {isa = PBXFileReference; fileEncoding = 4; lastKnownFileType = file.xib; path = SelectingDetailTableViewCell.xib; sourceTree = "<group>"; };
		98D9CB3D1D61BD6100510E08 /* SelectingTitleCollectionViewCell.swift */ = {isa = PBXFileReference; fileEncoding = 4; lastKnownFileType = sourcecode.swift; path = SelectingTitleCollectionViewCell.swift; sourceTree = "<group>"; };
		98D9D1181D62F02D00A9D740 /* Row.swift */ = {isa = PBXFileReference; fileEncoding = 4; lastKnownFileType = sourcecode.swift; path = Row.swift; sourceTree = "<group>"; };
		98D9D11A1D62F0DE00A9D740 /* Interests.swift */ = {isa = PBXFileReference; fileEncoding = 4; lastKnownFileType = sourcecode.swift; path = Interests.swift; sourceTree = "<group>"; };
		98EE33AC1D65AE6B00FD2CC3 /* KeychainUtility.swift */ = {isa = PBXFileReference; fileEncoding = 4; lastKnownFileType = sourcecode.swift; path = KeychainUtility.swift; sourceTree = "<group>"; };
		98EE33AE1D65AE9300FD2CC3 /* ReaingSystem.entitlements */ = {isa = PBXFileReference; lastKnownFileType = text.xml; path = ReaingSystem.entitlements; sourceTree = "<group>"; };
		98EE33D41D66DE6A00FD2CC3 /* MyShelf.swift */ = {isa = PBXFileReference; fileEncoding = 4; lastKnownFileType = sourcecode.swift; path = MyShelf.swift; sourceTree = "<group>"; };
		98EE33DD1D66DF0600FD2CC3 /* MyBook.swift */ = {isa = PBXFileReference; fileEncoding = 4; lastKnownFileType = sourcecode.swift; path = MyBook.swift; sourceTree = "<group>"; };
		98EE33DF1D66DF2D00FD2CC3 /* ReadedBook.swift */ = {isa = PBXFileReference; fileEncoding = 4; lastKnownFileType = sourcecode.swift; path = ReadedBook.swift; sourceTree = "<group>"; };
		98F0280F1D6EA18E00B8ECCE /* ImagesViewController.swift */ = {isa = PBXFileReference; fileEncoding = 4; lastKnownFileType = sourcecode.swift; path = ImagesViewController.swift; sourceTree = "<group>"; };
		98F028131D6EA1A700B8ECCE /* ImageContent.storyboard */ = {isa = PBXFileReference; fileEncoding = 4; lastKnownFileType = file.storyboard; path = ImageContent.storyboard; sourceTree = "<group>"; };
		98F028501D6EEDFB00B8ECCE /* ReadedAdvice.swift */ = {isa = PBXFileReference; fileEncoding = 4; lastKnownFileType = sourcecode.swift; path = ReadedAdvice.swift; sourceTree = "<group>"; };
		98F028511D6EEDFB00B8ECCE /* ReadedData.swift */ = {isa = PBXFileReference; fileEncoding = 4; lastKnownFileType = sourcecode.swift; path = ReadedData.swift; sourceTree = "<group>"; };
		98FFB0181D7432D6000F8BBF /* CategoryHeaderCollectionReusableView.swift */ = {isa = PBXFileReference; fileEncoding = 4; lastKnownFileType = sourcecode.swift; path = CategoryHeaderCollectionReusableView.swift; sourceTree = "<group>"; };
/* End PBXFileReference section */

/* Begin PBXFrameworksBuildPhase section */
		98B167941D4993E80001EDAC /* Frameworks */ = {
			isa = PBXFrameworksBuildPhase;
			buildActionMask = 2147483647;
			files = (
				98522C9A1D5DC6B000F32FD5 /* Alamofire.framework in Frameworks */,
			);
			runOnlyForDeploymentPostprocessing = 0;
		};
/* End PBXFrameworksBuildPhase section */

/* Begin PBXGroup section */
		980301BB1D7FF05500180FDA /* listen */ = {
			isa = PBXGroup;
			children = (
				980301BE1D7FF07400180FDA /* controller */,
				980301BD1D7FF06C00180FDA /* view */,
				980301BC1D7FF06600180FDA /* model */,
			);
			name = listen;
			sourceTree = "<group>";
		};
		980301BC1D7FF06600180FDA /* model */ = {
			isa = PBXGroup;
			children = (
			);
			name = model;
			sourceTree = "<group>";
		};
		980301BD1D7FF06C00180FDA /* view */ = {
			isa = PBXGroup;
			children = (
				980301CD1D7FF79600180FDA /* ListenAdviceCollectionViewCell.swift */,
				980301CF1D7FF7BF00180FDA /* ListenAdviceHeaderCollectionReusableView.swift */,
				980301D11D7FFE1300180FDA /* ListenCategoryCollectionViewCell.swift */,
				980301D31D7FFE3A00180FDA /* ListenCategoryHeaderCollectionReusableView.swift */,
				980301D51D8000FB00180FDA /* ListenSequenceTableViewCell.swift */,
				980301D91D800CB700180FDA /* ListenFamousCollectionViewCell.swift */,
				980301DB1D800CF100180FDA /* ListenFamousHeaderCollectionReusableView.swift */,
			);
			name = view;
			sourceTree = "<group>";
		};
		980301BE1D7FF07400180FDA /* controller */ = {
			isa = PBXGroup;
			children = (
				980301BF1D7FF0A700180FDA /* ListenViewController.swift */,
				980301C11D7FF0FC00180FDA /* ListenTabViewController.swift */,
				980301C31D7FF41100180FDA /* ListenAdviceCollectionViewController.swift */,
				980301C51D7FF44F00180FDA /* ListenCategoryCollectionViewController.swift */,
				980301C91D7FF4BB00180FDA /* ListenSequenceTableViewController.swift */,
				980301CB1D7FF4EA00180FDA /* ListenFamousViewController.swift */,
				980301D71D8006E400180FDA /* ListenImagePageViewController.swift */,
			);
			name = controller;
			sourceTree = "<group>";
		};
		980E91641D51D0F7000A19CA /* login */ = {
			isa = PBXGroup;
			children = (
				980E916C1D52E42B000A19CA /* LoginViewController.swift */,
				980E91961D548D42000A19CA /* RegisterViewController.swift */,
				980E91981D548D6E000A19CA /* ReplaceViewController.swift */,
			);
			name = login;
			sourceTree = "<group>";
		};
		980E91691D51E7EB000A19CA /* Transition */ = {
			isa = PBXGroup;
			children = (
				980E916E1D531FAB000A19CA /* BubbleAnimation.swift */,
				984C764C1D5C5D9D00B3588D /* CoverTransitionAnimation.swift */,
				98C186781D6C4402008FCB15 /* AppearTransitionAnimation.swift */,
				984C76531D5C6DBA00B3588D /* DisappearTransitionAnimation.swift */,
				980E91921D543FBF000A19CA /* ItemTransitionAnimation.swift */,
				980E91721D533065000A19CA /* MaskPresentTationController.swift */,
				980E91941D54405E000A19CA /* TransitionType.swift */,
			);
			name = Transition;
			sourceTree = "<group>";
		};
		980E919A1D548F6C000A19CA /* LeadingPage */ = {
			isa = PBXGroup;
			children = (
				98D9D1151D62F00F00A9D740 /* model */,
				98D9D1131D62EFFF00A9D740 /* controller */,
				98D9D1141D62F00900A9D740 /* view */,
			);
			name = LeadingPage;
			sourceTree = "<group>";
		};
		98123DBE1D79233200F416EA /* Journal */ = {
			isa = PBXGroup;
			children = (
				98123DC01D79236200F416EA /* model */,
				98123DC11D79236900F416EA /* view */,
				98123DBF1D79235000F416EA /* controller */,
			);
			name = Journal;
			sourceTree = "<group>";
		};
		98123DBF1D79235000F416EA /* controller */ = {
			isa = PBXGroup;
			children = (
				98123DB81D782C0500F416EA /* JournalViewController.swift */,
				98123DBA1D782C4F00F416EA /* JournalTabBarController.swift */,
				98123DC31D79247800F416EA /* JournalFocusTableViewController.swift */,
				98123DCA1D79550C00F416EA /* JournalBrandTableViewController.swift */,
				98123DCC1D79563F00F416EA /* JournalCategoryCollectionViewController.swift */,
				98123DD21D795C4000F416EA /* JournalSequenceCollectionViewController.swift */,
			);
			name = controller;
			sourceTree = "<group>";
		};
		98123DC01D79236200F416EA /* model */ = {
			isa = PBXGroup;
			children = (
			);
			name = model;
			sourceTree = "<group>";
		};
		98123DC11D79236900F416EA /* view */ = {
			isa = PBXGroup;
			children = (
				98123DCE1D795C1000F416EA /* JournalSequenceDetailCollectionViewCell.swift */,
				98123DD01D795C2700F416EA /* JournalSequenceTitleCollectionViewCell.swift */,
				98123DD41D795C5D00F416EA /* JournalSequenceHeaderCollectionReusableView.swift */,
				98123DD61D79659700F416EA /* JournalFocusTableViewCell.swift */,
				98123DD81D79675800F416EA /* JournalBrandTableViewCell.swift */,
			);
			name = view;
			sourceTree = "<group>";
		};
		984C76501D5C656200B3588D /* controller */ = {
			isa = PBXGroup;
			children = (
				980E91601D5174B3000A19CA /* MyShelfViewController.swift */,
				98C1867A1D6C4507008FCB15 /* DeleteMyShelfTransitionDelegate.swift */,
				98C186721D6C3426008FCB15 /* DeleteMyShelfViewController.swift */,
				984C764E1D5C633100B3588D /* ReadedBookListTransitionDelegate.swift */,
				98B1EB191D50946F00DD494A /* ReadBookListTableViewController.swift */,
				98C186501D6A962C008FCB15 /* BookIntroduceViewController.swift */,
				98C186641D6AD2E3008FCB15 /* SummaryListTableViewController.swift */,
			);
			name = controller;
			sourceTree = "<group>";
		};
		984C76511D5C658700B3588D /* view */ = {
			isa = PBXGroup;
			children = (
				984C76481D5C26F500B3588D /* MyShelfCollectionViewCell.swift */,
				98C186761D6C3E65008FCB15 /* DeleteMyShelfCollectionViewCell.swift */,
				984C764A1D5C2A5300B3588D /* MyShelfCollectionReusableView.swift */,
				980E91621D51942D000A19CA /* ReadBookTableViewCell.swift */,
				98C186681D6ADCAA008FCB15 /* SummaryListTableViewCell.swift */,
			);
			name = view;
			sourceTree = "<group>";
		};
		984C76521D5C658E00B3588D /* model */ = {
			isa = PBXGroup;
			children = (
				98C186591D6AA822008FCB15 /* bookSummary */,
				98C1862A1D6704F9008FCB15 /* shelf */,
				98C1862B1D67050D008FCB15 /* booklist */,
			);
			name = model;
			sourceTree = "<group>";
		};
		98522C821D5DC6A800F32FD5 /* Products */ = {
			isa = PBXGroup;
			children = (
				98522C8D1D5DC6A900F32FD5 /* Alamofire.framework */,
				98522C8F1D5DC6A900F32FD5 /* Alamofire iOS Tests.xctest */,
				98522C911D5DC6A900F32FD5 /* Alamofire.framework */,
				98522C931D5DC6A900F32FD5 /* Alamofire OSX Tests.xctest */,
				98522C951D5DC6A900F32FD5 /* Alamofire.framework */,
				98522C971D5DC6A900F32FD5 /* Alamofire tvOS Tests.xctest */,
				98522C991D5DC6A900F32FD5 /* Alamofire.framework */,
			);
			name = Products;
			sourceTree = "<group>";
		};
		98522CA01D5DC6ED00F32FD5 /* networkHealper */ = {
			isa = PBXGroup;
			children = (
				98522C9E1D5DC6E600F32FD5 /* HttpManager.swift */,
				98C7ACC21D640C740077DDAB /* URLHealper.swift */,
			);
			name = networkHealper;
			sourceTree = "<group>";
		};
		98710BA81D74252A000614E0 /* category */ = {
			isa = PBXGroup;
			children = (
				98710BAC1D742E47000614E0 /* view */,
				98710BA91D742542000614E0 /* controller */,
			);
			name = category;
			sourceTree = "<group>";
		};
		98710BA91D742542000614E0 /* controller */ = {
			isa = PBXGroup;
			children = (
				98710BAA1D7429B8000614E0 /* CategoryViewController.swift */,
			);
			name = controller;
			sourceTree = "<group>";
		};
		98710BAC1D742E47000614E0 /* view */ = {
			isa = PBXGroup;
			children = (
				98710BAD1D742E78000614E0 /* CategoryImageCollectionViewCell.swift */,
				98710BAF1D742E8E000614E0 /* CategoryTitleCollectionViewCell.swift */,
				98FFB0181D7432D6000F8BBF /* CategoryHeaderCollectionReusableView.swift */,
			);
			name = view;
			sourceTree = "<group>";
		};
		98949D341D757AA8001FD433 /* find */ = {
			isa = PBXGroup;
			children = (
				98949D391D757B44001FD433 /* view */,
				98949D361D757AD8001FD433 /* model */,
				98949D351D757ACC001FD433 /* controller */,
			);
			name = find;
			sourceTree = "<group>";
		};
		98949D351D757ACC001FD433 /* controller */ = {
			isa = PBXGroup;
			children = (
				98949D371D757B3D001FD433 /* FindViewController.swift */,
			);
			name = controller;
			sourceTree = "<group>";
		};
		98949D361D757AD8001FD433 /* model */ = {
			isa = PBXGroup;
			children = (
			);
			name = model;
			sourceTree = "<group>";
		};
		98949D391D757B44001FD433 /* view */ = {
			isa = PBXGroup;
			children = (
				98949D3A1D757C0C001FD433 /* FindNewMagazineCollectionViewCell.swift */,
				98949D3C1D757C20001FD433 /* FindListenCollectionViewCell.swift */,
				98949D3E1D757C8C001FD433 /* FindHeaderCollectionReusableView.swift */,
			);
			name = view;
			sourceTree = "<group>";
		};
		989C363D1D4EEEA300010B48 /* tabbar */ = {
			isa = PBXGroup;
			children = (
				98B1EAE41D4EF09100DD494A /* RootTabBarViewController.swift */,
				984C76971D5D726600B3588D /* PersonalTabBar.swift */,
				984C76991D5D7A1300B3588D /* PersonalTabBar.xib */,
			);
			name = tabbar;
			sourceTree = "<group>";
		};
		98B1678E1D4993E80001EDAC = {
			isa = PBXGroup;
			children = (
				98522C811D5DC6A800F32FD5 /* Alamofire.xcodeproj */,
				98B167991D4993E80001EDAC /* ReaingSystem */,
				98B167981D4993E80001EDAC /* Products */,
			);
			sourceTree = "<group>";
		};
		98B167981D4993E80001EDAC /* Products */ = {
			isa = PBXGroup;
			children = (
				98B167971D4993E80001EDAC /* ReaingSystem.app */,
			);
			name = Products;
			sourceTree = "<group>";
		};
		98B167991D4993E80001EDAC /* ReaingSystem */ = {
			isa = PBXGroup;
			children = (
				98EE33AE1D65AE9300FD2CC3 /* ReaingSystem.entitlements */,
				98B1679A1D4993E80001EDAC /* AppDelegate.swift */,
				98EE33AB1D65ADFD00FD2CC3 /* heakper */,
				980E91691D51E7EB000A19CA /* Transition */,
				980E919A1D548F6C000A19CA /* LeadingPage */,
				980E91641D51D0F7000A19CA /* login */,
				989C363D1D4EEEA300010B48 /* tabbar */,
				98B1EB121D50342300DD494A /* myShelf */,
				98D9CB291D61579800510E08 /* selecting */,
				98123DBE1D79233200F416EA /* Journal */,
				980301BB1D7FF05500180FDA /* listen */,
				98710BA81D74252A000614E0 /* category */,
				98949D341D757AA8001FD433 /* find */,
				98B1679E1D4993E80001EDAC /* Main.storyboard */,
				98B1EAEE1D4F235500DD494A /* Selecting.storyboard */,
				98123DB41D78243100F416EA /* Journal.storyboard */,
				980301B91D7FB99500180FDA /* Listen.storyboard */,
				98B167B91D49B11B0001EDAC /* Custom.storyboard */,
				98B1EAE81D4EF34000DD494A /* Category.storyboard */,
				98B1EAEA1D4EF34C00DD494A /* Paper.storyboard */,
				98B1EAEC1D4EF35900DD494A /* Find.storyboard */,
				98B167A11D4993E80001EDAC /* Assets.xcassets */,
				98B167A31D4993E80001EDAC /* LaunchScreen.storyboard */,
				98B167A61D4993E80001EDAC /* Info.plist */,
			);
			path = ReaingSystem;
			sourceTree = "<group>";
		};
		98B1EB121D50342300DD494A /* myShelf */ = {
			isa = PBXGroup;
			children = (
				984C76501D5C656200B3588D /* controller */,
				984C76521D5C658E00B3588D /* model */,
				984C76511D5C658700B3588D /* view */,
			);
			name = myShelf;
			sourceTree = "<group>";
		};
		98C1862A1D6704F9008FCB15 /* shelf */ = {
			isa = PBXGroup;
			children = (
				98EE33D41D66DE6A00FD2CC3 /* MyShelf.swift */,
				98EE33DF1D66DF2D00FD2CC3 /* ReadedBook.swift */,
				98EE33DD1D66DF0600FD2CC3 /* MyBook.swift */,
			);
			name = shelf;
			sourceTree = "<group>";
		};
		98C1862B1D67050D008FCB15 /* booklist */ = {
			isa = PBXGroup;
			children = (
				98C1861D1D6704ED008FCB15 /* BookListBook.swift */,
				98C1861E1D6704ED008FCB15 /* BookListData.swift */,
				98C1861F1D6704ED008FCB15 /* BookListReturnData.swift */,
			);
			name = booklist;
			sourceTree = "<group>";
		};
		98C186591D6AA822008FCB15 /* bookSummary */ = {
			isa = PBXGroup;
			children = (
				98C1865A1D6AA845008FCB15 /* SummaryData.swift */,
				98C1865B1D6AA845008FCB15 /* SummaryReturnData.swift */,
				98C1865C1D6AA845008FCB15 /* SummaryRow.swift */,
				98C1865D1D6AA845008FCB15 /* SummarySelectedBook.swift */,
			);
			name = bookSummary;
			sourceTree = "<group>";
		};
		98C1867F1D6D701C008FCB15 /* model */ = {
			isa = PBXGroup;
			children = (
				98F0284F1D6EEDE900B8ECCE /* readedAdvice */,
				98C186891D6D704C008FCB15 /* SelectRootData.swift */,
				98C186871D6D704C008FCB15 /* SelectData.swift */,
				98C186881D6D704C008FCB15 /* SelectReturnData.swift */,
				98C1868A1D6D704C008FCB15 /* SelectRow.swift */,
			);
			name = model;
			sourceTree = "<group>";
		};
		98D9CB291D61579800510E08 /* selecting */ = {
			isa = PBXGroup;
			children = (
				98C1867F1D6D701C008FCB15 /* model */,
				98D9CB331D61634500510E08 /* controller */,
				98D9CB341D61635000510E08 /* view */,
			);
			name = selecting;
			sourceTree = "<group>";
		};
		98D9CB331D61634500510E08 /* controller */ = {
			isa = PBXGroup;
			children = (
				98D9CB2C1D6157F400510E08 /* SelectingViewController.swift */,
				98949D671D76D272001FD433 /* SearchingTransitionDelegate.swift */,
				98949D5F1D767CB6001FD433 /* SearchingDefaultViewController.swift */,
				98123D8D1D77C35000F416EA /* SearchingListViewController.swift */,
				98123D8B1D77C13E00F416EA /* SearchingSelectViewController.swift */,
				98C186901D6D7F99008FCB15 /* SelectingImagePageViewController.swift */,
				980301DD1D80F2E900180FDA /* TopListViewController.swift */,
				98F0280F1D6EA18E00B8ECCE /* ImagesViewController.swift */,
			);
			name = controller;
			sourceTree = "<group>";
		};
		98D9CB341D61635000510E08 /* view */ = {
			isa = PBXGroup;
			children = (
				98D9CB2E1D615EA500510E08 /* SelectingDetailTableViewCell.swift */,
				98D9CB3D1D61BD6100510E08 /* SelectingTitleCollectionViewCell.swift */,
				98123D8F1D77C4F200F416EA /* SearchingSelectTableViewCell.swift */,
				98123D911D77C85F00F416EA /* SearchingResultTableViewCell.swift */,
				98D9CB2F1D615EA500510E08 /* SelectingDetailTableViewCell.xib */,
				98F028131D6EA1A700B8ECCE /* ImageContent.storyboard */,
				98949D611D767D20001FD433 /* SearchingHistoryCollectionViewCell.swift */,
				98949D631D767D86001FD433 /* SearchingDefaultListCollectionViewCell.swift */,
				98949D651D767F43001FD433 /* SearchingHeaderCollectionReusableView.swift */,
			);
			name = view;
			sourceTree = "<group>";
		};
		98D9D1131D62EFFF00A9D740 /* controller */ = {
			isa = PBXGroup;
			children = (
				980E919B1D54906B000A19CA /* LeadingTransitionDelegate.swift */,
				980E91651D51D11C000A19CA /* InterestViewController.swift */,
				984C76551D5C701000B3588D /* DisappearTransitionDelegate.swift */,
				980E91671D51D128000A19CA /* SexViewController.swift */,
			);
			name = controller;
			sourceTree = "<group>";
		};
		98D9D1141D62F00900A9D740 /* view */ = {
			isa = PBXGroup;
			children = (
				984C76461D5BFD5E00B3588D /* InterestCollectionViewCell.swift */,
			);
			name = view;
			sourceTree = "<group>";
		};
		98D9D1151D62F00F00A9D740 /* model */ = {
			isa = PBXGroup;
			children = (
				98D9D11A1D62F0DE00A9D740 /* Interests.swift */,
				98D9D1181D62F02D00A9D740 /* Row.swift */,
			);
			name = model;
			sourceTree = "<group>";
		};
		98EE33AB1D65ADFD00FD2CC3 /* heakper */ = {
			isa = PBXGroup;
			children = (
				98EE33AC1D65AE6B00FD2CC3 /* KeychainUtility.swift */,
				98522CA01D5DC6ED00F32FD5 /* networkHealper */,
			);
			name = heakper;
			sourceTree = "<group>";
		};
		98F0284F1D6EEDE900B8ECCE /* readedAdvice */ = {
			isa = PBXGroup;
			children = (
				98F028501D6EEDFB00B8ECCE /* ReadedAdvice.swift */,
				98F028511D6EEDFB00B8ECCE /* ReadedData.swift */,
			);
			name = readedAdvice;
			sourceTree = "<group>";
		};
/* End PBXGroup section */

/* Begin PBXNativeTarget section */
		98B167961D4993E80001EDAC /* ReaingSystem */ = {
			isa = PBXNativeTarget;
			buildConfigurationList = 98B167A91D4993E80001EDAC /* Build configuration list for PBXNativeTarget "ReaingSystem" */;
			buildPhases = (
				98B167931D4993E80001EDAC /* Sources */,
				98B167941D4993E80001EDAC /* Frameworks */,
				98B167951D4993E80001EDAC /* Resources */,
				98F9CCAE1D597FA900EEFFA4 /* Embed Frameworks */,
			);
			buildRules = (
			);
			dependencies = (
				98522C9D1D5DC6B000F32FD5 /* PBXTargetDependency */,
			);
			name = ReaingSystem;
			productName = ReaingSystem;
			productReference = 98B167971D4993E80001EDAC /* ReaingSystem.app */;
			productType = "com.apple.product-type.application";
		};
/* End PBXNativeTarget section */

/* Begin PBXProject section */
		98B1678F1D4993E80001EDAC /* Project object */ = {
			isa = PBXProject;
			attributes = {
				LastSwiftUpdateCheck = 0730;
				LastUpgradeCheck = 0730;
				ORGANIZATIONNAME = "魏辉";
				TargetAttributes = {
					98B167961D4993E80001EDAC = {
						CreatedOnToolsVersion = 7.3;
						DevelopmentTeam = 7CVL8QT3D9;
						SystemCapabilities = {
							com.apple.Keychain = {
								enabled = 1;
							};
						};
					};
				};
			};
			buildConfigurationList = 98B167921D4993E80001EDAC /* Build configuration list for PBXProject "ReaingSystem" */;
			compatibilityVersion = "Xcode 3.2";
			developmentRegion = English;
			hasScannedForEncodings = 0;
			knownRegions = (
				en,
				Base,
			);
			mainGroup = 98B1678E1D4993E80001EDAC;
			productRefGroup = 98B167981D4993E80001EDAC /* Products */;
			projectDirPath = "";
			projectReferences = (
				{
					ProductGroup = 98522C821D5DC6A800F32FD5 /* Products */;
					ProjectRef = 98522C811D5DC6A800F32FD5 /* Alamofire.xcodeproj */;
				},
			);
			projectRoot = "";
			targets = (
				98B167961D4993E80001EDAC /* ReaingSystem */,
			);
		};
/* End PBXProject section */

/* Begin PBXReferenceProxy section */
		98522C8D1D5DC6A900F32FD5 /* Alamofire.framework */ = {
			isa = PBXReferenceProxy;
			fileType = wrapper.framework;
			path = Alamofire.framework;
			remoteRef = 98522C8C1D5DC6A900F32FD5 /* PBXContainerItemProxy */;
			sourceTree = BUILT_PRODUCTS_DIR;
		};
		98522C8F1D5DC6A900F32FD5 /* Alamofire iOS Tests.xctest */ = {
			isa = PBXReferenceProxy;
			fileType = wrapper.cfbundle;
			path = "Alamofire iOS Tests.xctest";
			remoteRef = 98522C8E1D5DC6A900F32FD5 /* PBXContainerItemProxy */;
			sourceTree = BUILT_PRODUCTS_DIR;
		};
		98522C911D5DC6A900F32FD5 /* Alamofire.framework */ = {
			isa = PBXReferenceProxy;
			fileType = wrapper.framework;
			path = Alamofire.framework;
			remoteRef = 98522C901D5DC6A900F32FD5 /* PBXContainerItemProxy */;
			sourceTree = BUILT_PRODUCTS_DIR;
		};
		98522C931D5DC6A900F32FD5 /* Alamofire OSX Tests.xctest */ = {
			isa = PBXReferenceProxy;
			fileType = wrapper.cfbundle;
			path = "Alamofire OSX Tests.xctest";
			remoteRef = 98522C921D5DC6A900F32FD5 /* PBXContainerItemProxy */;
			sourceTree = BUILT_PRODUCTS_DIR;
		};
		98522C951D5DC6A900F32FD5 /* Alamofire.framework */ = {
			isa = PBXReferenceProxy;
			fileType = wrapper.framework;
			path = Alamofire.framework;
			remoteRef = 98522C941D5DC6A900F32FD5 /* PBXContainerItemProxy */;
			sourceTree = BUILT_PRODUCTS_DIR;
		};
		98522C971D5DC6A900F32FD5 /* Alamofire tvOS Tests.xctest */ = {
			isa = PBXReferenceProxy;
			fileType = wrapper.cfbundle;
			path = "Alamofire tvOS Tests.xctest";
			remoteRef = 98522C961D5DC6A900F32FD5 /* PBXContainerItemProxy */;
			sourceTree = BUILT_PRODUCTS_DIR;
		};
		98522C991D5DC6A900F32FD5 /* Alamofire.framework */ = {
			isa = PBXReferenceProxy;
			fileType = wrapper.framework;
			path = Alamofire.framework;
			remoteRef = 98522C981D5DC6A900F32FD5 /* PBXContainerItemProxy */;
			sourceTree = BUILT_PRODUCTS_DIR;
		};
/* End PBXReferenceProxy section */

/* Begin PBXResourcesBuildPhase section */
		98B167951D4993E80001EDAC /* Resources */ = {
			isa = PBXResourcesBuildPhase;
			buildActionMask = 2147483647;
			files = (
				98F028141D6EA1A700B8ECCE /* ImageContent.storyboard in Resources */,
				98B167A51D4993E80001EDAC /* LaunchScreen.storyboard in Resources */,
				980301BA1D7FB99500180FDA /* Listen.storyboard in Resources */,
				984C769A1D5D7A1300B3588D /* PersonalTabBar.xib in Resources */,
				98B1EAEF1D4F235500DD494A /* Selecting.storyboard in Resources */,
				98B1EAE91D4EF34000DD494A /* Category.storyboard in Resources */,
				98B167A21D4993E80001EDAC /* Assets.xcassets in Resources */,
				98B167BA1D49B11B0001EDAC /* Custom.storyboard in Resources */,
				98B167A01D4993E80001EDAC /* Main.storyboard in Resources */,
				98123DB51D78243100F416EA /* Journal.storyboard in Resources */,
				98B1EAEB1D4EF34C00DD494A /* Paper.storyboard in Resources */,
				98B1EAED1D4EF35900DD494A /* Find.storyboard in Resources */,
				98D9CB311D615EA500510E08 /* SelectingDetailTableViewCell.xib in Resources */,
			);
			runOnlyForDeploymentPostprocessing = 0;
		};
/* End PBXResourcesBuildPhase section */

/* Begin PBXSourcesBuildPhase section */
		98B167931D4993E80001EDAC /* Sources */ = {
			isa = PBXSourcesBuildPhase;
			buildActionMask = 2147483647;
			files = (
				98D9D11B1D62F0DE00A9D740 /* Interests.swift in Sources */,
				98D9CB3E1D61BD6100510E08 /* SelectingTitleCollectionViewCell.swift in Sources */,
				98949D3B1D757C0C001FD433 /* FindNewMagazineCollectionViewCell.swift in Sources */,
				984C76471D5BFD5E00B3588D /* InterestCollectionViewCell.swift in Sources */,
				98123DB91D782C0500F416EA /* JournalViewController.swift in Sources */,
				98C186601D6AA845008FCB15 /* SummaryRow.swift in Sources */,
				98710BAE1D742E78000614E0 /* CategoryImageCollectionViewCell.swift in Sources */,
				98C1865F1D6AA845008FCB15 /* SummaryReturnData.swift in Sources */,
				98949D681D76D272001FD433 /* SearchingTransitionDelegate.swift in Sources */,
				984C764F1D5C633100B3588D /* ReadedBookListTransitionDelegate.swift in Sources */,
				98C186771D6C3E65008FCB15 /* DeleteMyShelfCollectionViewCell.swift in Sources */,
				980E919C1D54906B000A19CA /* LeadingTransitionDelegate.swift in Sources */,
				98C7ACC31D640C740077DDAB /* URLHealper.swift in Sources */,
				980E916D1D52E42B000A19CA /* LoginViewController.swift in Sources */,
				98F028541D6EEDFB00B8ECCE /* ReadedData.swift in Sources */,
				984C76541D5C6DBA00B3588D /* DisappearTransitionAnimation.swift in Sources */,
				984C76491D5C26F500B3588D /* MyShelfCollectionViewCell.swift in Sources */,
				98C186911D6D7F99008FCB15 /* SelectingImagePageViewController.swift in Sources */,
				984C76981D5D726600B3588D /* PersonalTabBar.swift in Sources */,
				98D9CB301D615EA500510E08 /* SelectingDetailTableViewCell.swift in Sources */,
				98D9D1191D62F02D00A9D740 /* Row.swift in Sources */,
				980301CE1D7FF79600180FDA /* ListenAdviceCollectionViewCell.swift in Sources */,
				98123D901D77C4F200F416EA /* SearchingSelectTableViewCell.swift in Sources */,
				98710BB01D742E8E000614E0 /* CategoryTitleCollectionViewCell.swift in Sources */,
				98949D641D767D86001FD433 /* SearchingDefaultListCollectionViewCell.swift in Sources */,
				98123DD71D79659700F416EA /* JournalFocusTableViewCell.swift in Sources */,
				98C1865E1D6AA845008FCB15 /* SummaryData.swift in Sources */,
				980301DE1D80F2E900180FDA /* TopListViewController.swift in Sources */,
				980E91931D543FBF000A19CA /* ItemTransitionAnimation.swift in Sources */,
				980301DC1D800CF100180FDA /* ListenFamousHeaderCollectionReusableView.swift in Sources */,
				98123DC41D79247800F416EA /* JournalFocusTableViewController.swift in Sources */,
				980E91681D51D128000A19CA /* SexViewController.swift in Sources */,
				980301D41D7FFE3A00180FDA /* ListenCategoryHeaderCollectionReusableView.swift in Sources */,
				98EE33E01D66DF2D00FD2CC3 /* ReadedBook.swift in Sources */,
				98123DBB1D782C5000F416EA /* JournalTabBarController.swift in Sources */,
				98C186201D6704ED008FCB15 /* BookListBook.swift in Sources */,
				98710BAB1D7429B8000614E0 /* CategoryViewController.swift in Sources */,
				98EE33DE1D66DF0600FD2CC3 /* MyBook.swift in Sources */,
				980301D61D8000FB00180FDA /* ListenSequenceTableViewCell.swift in Sources */,
				98123D921D77C85F00F416EA /* SearchingResultTableViewCell.swift in Sources */,
				984C764D1D5C5D9D00B3588D /* CoverTransitionAnimation.swift in Sources */,
				98522C9F1D5DC6E600F32FD5 /* HttpManager.swift in Sources */,
				98EE33AD1D65AE6B00FD2CC3 /* KeychainUtility.swift in Sources */,
				980E916F1D531FAB000A19CA /* BubbleAnimation.swift in Sources */,
				98123DCF1D795C1000F416EA /* JournalSequenceDetailCollectionViewCell.swift in Sources */,
				980301CC1D7FF4EA00180FDA /* ListenFamousViewController.swift in Sources */,
				98123D8C1D77C13E00F416EA /* SearchingSelectViewController.swift in Sources */,
				980301D81D8006E400180FDA /* ListenImagePageViewController.swift in Sources */,
				98123D8E1D77C35000F416EA /* SearchingListViewController.swift in Sources */,
				98C1868C1D6D704C008FCB15 /* SelectReturnData.swift in Sources */,
				98C186511D6A962C008FCB15 /* BookIntroduceViewController.swift in Sources */,
				98123DD31D795C4000F416EA /* JournalSequenceCollectionViewController.swift in Sources */,
				98C186611D6AA845008FCB15 /* SummarySelectedBook.swift in Sources */,
				98123DCB1D79550C00F416EA /* JournalBrandTableViewController.swift in Sources */,
				984C764B1D5C2A5300B3588D /* MyShelfCollectionReusableView.swift in Sources */,
				98EE33D51D66DE6A00FD2CC3 /* MyShelf.swift in Sources */,
				98C1868E1D6D704C008FCB15 /* SelectRow.swift in Sources */,
				98949D3F1D757C8C001FD433 /* FindHeaderCollectionReusableView.swift in Sources */,
				98C1868B1D6D704C008FCB15 /* SelectData.swift in Sources */,
				98C186731D6C3426008FCB15 /* DeleteMyShelfViewController.swift in Sources */,
				98949D3D1D757C20001FD433 /* FindListenCollectionViewCell.swift in Sources */,
				98123DCD1D79563F00F416EA /* JournalCategoryCollectionViewController.swift in Sources */,
				980E91991D548D6E000A19CA /* ReplaceViewController.swift in Sources */,
				980301C61D7FF44F00180FDA /* ListenCategoryCollectionViewController.swift in Sources */,
				98F028531D6EEDFB00B8ECCE /* ReadedAdvice.swift in Sources */,
				980301D01D7FF7BF00180FDA /* ListenAdviceHeaderCollectionReusableView.swift in Sources */,
				980301DA1D800CB700180FDA /* ListenFamousCollectionViewCell.swift in Sources */,
				98C186211D6704ED008FCB15 /* BookListData.swift in Sources */,
				98949D661D767F43001FD433 /* SearchingHeaderCollectionReusableView.swift in Sources */,
				98F028101D6EA18E00B8ECCE /* ImagesViewController.swift in Sources */,
				98FFB0191D7432D6000F8BBF /* CategoryHeaderCollectionReusableView.swift in Sources */,
				98949D621D767D20001FD433 /* SearchingHistoryCollectionViewCell.swift in Sources */,
				980E91661D51D11C000A19CA /* InterestViewController.swift in Sources */,
				98949D601D767CB6001FD433 /* SearchingDefaultViewController.swift in Sources */,
				98C1867B1D6C4507008FCB15 /* DeleteMyShelfTransitionDelegate.swift in Sources */,
				980E91631D51942D000A19CA /* ReadBookTableViewCell.swift in Sources */,
				98D9CB2D1D6157F400510E08 /* SelectingViewController.swift in Sources */,
				98C186791D6C4402008FCB15 /* AppearTransitionAnimation.swift in Sources */,
				98B1EB1A1D50946F00DD494A /* ReadBookListTableViewController.swift in Sources */,
				980301D21D7FFE1300180FDA /* ListenCategoryCollectionViewCell.swift in Sources */,
				984C76561D5C701000B3588D /* DisappearTransitionDelegate.swift in Sources */,
				980E91971D548D42000A19CA /* RegisterViewController.swift in Sources */,
				98123DD91D79675800F416EA /* JournalBrandTableViewCell.swift in Sources */,
				98C186221D6704ED008FCB15 /* BookListReturnData.swift in Sources */,
				98B1EAE51D4EF09100DD494A /* RootTabBarViewController.swift in Sources */,
				980301C41D7FF41100180FDA /* ListenAdviceCollectionViewController.swift in Sources */,
				98C1868D1D6D704C008FCB15 /* SelectRootData.swift in Sources */,
				98C186691D6ADCAA008FCB15 /* SummaryListTableViewCell.swift in Sources */,
				98123DD11D795C2700F416EA /* JournalSequenceTitleCollectionViewCell.swift in Sources */,
				980E91731D533065000A19CA /* MaskPresentTationController.swift in Sources */,
				98C186651D6AD2E3008FCB15 /* SummaryListTableViewController.swift in Sources */,
				980E91611D5174B3000A19CA /* MyShelfViewController.swift in Sources */,
				98123DD51D795C5D00F416EA /* JournalSequenceHeaderCollectionReusableView.swift in Sources */,
				98949D381D757B3D001FD433 /* FindViewController.swift in Sources */,
				980301C01D7FF0A700180FDA /* ListenViewController.swift in Sources */,
				98B1679B1D4993E80001EDAC /* AppDelegate.swift in Sources */,
				980301C21D7FF0FC00180FDA /* ListenTabViewController.swift in Sources */,
				980301CA1D7FF4BB00180FDA /* ListenSequenceTableViewController.swift in Sources */,
				980E91951D54405E000A19CA /* TransitionType.swift in Sources */,
			);
			runOnlyForDeploymentPostprocessing = 0;
		};
/* End PBXSourcesBuildPhase section */

/* Begin PBXTargetDependency section */
		98522C9D1D5DC6B000F32FD5 /* PBXTargetDependency */ = {
			isa = PBXTargetDependency;
			name = "Alamofire iOS";
			targetProxy = 98522C9C1D5DC6B000F32FD5 /* PBXContainerItemProxy */;
		};
/* End PBXTargetDependency section */

/* Begin PBXVariantGroup section */
		98B1679E1D4993E80001EDAC /* Main.storyboard */ = {
			isa = PBXVariantGroup;
			children = (
				98B1679F1D4993E80001EDAC /* Base */,
			);
			name = Main.storyboard;
			sourceTree = "<group>";
		};
		98B167A31D4993E80001EDAC /* LaunchScreen.storyboard */ = {
			isa = PBXVariantGroup;
			children = (
				98B167A41D4993E80001EDAC /* Base */,
			);
			name = LaunchScreen.storyboard;
			sourceTree = "<group>";
		};
/* End PBXVariantGroup section */

/* Begin XCBuildConfiguration section */
		98B167A71D4993E80001EDAC /* Debug */ = {
			isa = XCBuildConfiguration;
			buildSettings = {
				ALWAYS_SEARCH_USER_PATHS = NO;
				CLANG_ANALYZER_NONNULL = YES;
				CLANG_CXX_LANGUAGE_STANDARD = "gnu++0x";
				CLANG_CXX_LIBRARY = "libc++";
				CLANG_ENABLE_MODULES = YES;
				CLANG_ENABLE_OBJC_ARC = YES;
				CLANG_WARN_BOOL_CONVERSION = YES;
				CLANG_WARN_CONSTANT_CONVERSION = YES;
				CLANG_WARN_DIRECT_OBJC_ISA_USAGE = YES_ERROR;
				CLANG_WARN_EMPTY_BODY = YES;
				CLANG_WARN_ENUM_CONVERSION = YES;
				CLANG_WARN_INT_CONVERSION = YES;
				CLANG_WARN_OBJC_ROOT_CLASS = YES_ERROR;
				CLANG_WARN_UNREACHABLE_CODE = YES;
				CLANG_WARN__DUPLICATE_METHOD_MATCH = YES;
				"CODE_SIGN_IDENTITY[sdk=iphoneos*]" = "iPhone Developer";
				COPY_PHASE_STRIP = NO;
				DEBUG_INFORMATION_FORMAT = dwarf;
				ENABLE_STRICT_OBJC_MSGSEND = YES;
				ENABLE_TESTABILITY = YES;
				GCC_C_LANGUAGE_STANDARD = gnu99;
				GCC_DYNAMIC_NO_PIC = NO;
				GCC_NO_COMMON_BLOCKS = YES;
				GCC_OPTIMIZATION_LEVEL = 0;
				GCC_PREPROCESSOR_DEFINITIONS = (
					"DEBUG=1",
					"$(inherited)",
				);
				GCC_WARN_64_TO_32_BIT_CONVERSION = YES;
				GCC_WARN_ABOUT_RETURN_TYPE = YES_ERROR;
				GCC_WARN_UNDECLARED_SELECTOR = YES;
				GCC_WARN_UNINITIALIZED_AUTOS = YES_AGGRESSIVE;
				GCC_WARN_UNUSED_FUNCTION = YES;
				GCC_WARN_UNUSED_VARIABLE = YES;
				IPHONEOS_DEPLOYMENT_TARGET = 9.3;
				MTL_ENABLE_DEBUG_INFO = YES;
				ONLY_ACTIVE_ARCH = YES;
				SDKROOT = iphoneos;
				SWIFT_OPTIMIZATION_LEVEL = "-Onone";
				TARGETED_DEVICE_FAMILY = "1,2";
			};
			name = Debug;
		};
		98B167A81D4993E80001EDAC /* Release */ = {
			isa = XCBuildConfiguration;
			buildSettings = {
				ALWAYS_SEARCH_USER_PATHS = NO;
				CLANG_ANALYZER_NONNULL = YES;
				CLANG_CXX_LANGUAGE_STANDARD = "gnu++0x";
				CLANG_CXX_LIBRARY = "libc++";
				CLANG_ENABLE_MODULES = YES;
				CLANG_ENABLE_OBJC_ARC = YES;
				CLANG_WARN_BOOL_CONVERSION = YES;
				CLANG_WARN_CONSTANT_CONVERSION = YES;
				CLANG_WARN_DIRECT_OBJC_ISA_USAGE = YES_ERROR;
				CLANG_WARN_EMPTY_BODY = YES;
				CLANG_WARN_ENUM_CONVERSION = YES;
				CLANG_WARN_INT_CONVERSION = YES;
				CLANG_WARN_OBJC_ROOT_CLASS = YES_ERROR;
				CLANG_WARN_UNREACHABLE_CODE = YES;
				CLANG_WARN__DUPLICATE_METHOD_MATCH = YES;
				"CODE_SIGN_IDENTITY[sdk=iphoneos*]" = "iPhone Developer";
				COPY_PHASE_STRIP = NO;
				DEBUG_INFORMATION_FORMAT = "dwarf-with-dsym";
				ENABLE_NS_ASSERTIONS = NO;
				ENABLE_STRICT_OBJC_MSGSEND = YES;
				GCC_C_LANGUAGE_STANDARD = gnu99;
				GCC_NO_COMMON_BLOCKS = YES;
				GCC_WARN_64_TO_32_BIT_CONVERSION = YES;
				GCC_WARN_ABOUT_RETURN_TYPE = YES_ERROR;
				GCC_WARN_UNDECLARED_SELECTOR = YES;
				GCC_WARN_UNINITIALIZED_AUTOS = YES_AGGRESSIVE;
				GCC_WARN_UNUSED_FUNCTION = YES;
				GCC_WARN_UNUSED_VARIABLE = YES;
				IPHONEOS_DEPLOYMENT_TARGET = 9.3;
				MTL_ENABLE_DEBUG_INFO = NO;
				SDKROOT = iphoneos;
				TARGETED_DEVICE_FAMILY = "1,2";
				VALIDATE_PRODUCT = YES;
			};
			name = Release;
		};
		98B167AA1D4993E80001EDAC /* Debug */ = {
			isa = XCBuildConfiguration;
			buildSettings = {
				ASSETCATALOG_COMPILER_APPICON_NAME = AppIcon;
				CODE_SIGN_ENTITLEMENTS = ReaingSystem/ReaingSystem.entitlements;
				EMBEDDED_CONTENT_CONTAINS_SWIFT = YES;
				INFOPLIST_FILE = ReaingSystem/Info.plist;
				IPHONEOS_DEPLOYMENT_TARGET = 8.4;
				LD_RUNPATH_SEARCH_PATHS = "$(inherited) @executable_path/Frameworks";
				PRODUCT_BUNDLE_IDENTIFIER = com.weihui.ReaingSystem;
				PRODUCT_NAME = "$(TARGET_NAME)";
			};
			name = Debug;
		};
		98B167AB1D4993E80001EDAC /* Release */ = {
			isa = XCBuildConfiguration;
			buildSettings = {
				ASSETCATALOG_COMPILER_APPICON_NAME = AppIcon;
				CODE_SIGN_ENTITLEMENTS = ReaingSystem/ReaingSystem.entitlements;
				EMBEDDED_CONTENT_CONTAINS_SWIFT = YES;
				INFOPLIST_FILE = ReaingSystem/Info.plist;
				IPHONEOS_DEPLOYMENT_TARGET = 8.4;
				LD_RUNPATH_SEARCH_PATHS = "$(inherited) @executable_path/Frameworks";
				PRODUCT_BUNDLE_IDENTIFIER = com.weihui.ReaingSystem;
				PRODUCT_NAME = "$(TARGET_NAME)";
			};
			name = Release;
		};
/* End XCBuildConfiguration section */

/* Begin XCConfigurationList section */
		98B167921D4993E80001EDAC /* Build configuration list for PBXProject "ReaingSystem" */ = {
			isa = XCConfigurationList;
			buildConfigurations = (
				98B167A71D4993E80001EDAC /* Debug */,
				98B167A81D4993E80001EDAC /* Release */,
			);
			defaultConfigurationIsVisible = 0;
			defaultConfigurationName = Release;
		};
		98B167A91D4993E80001EDAC /* Build configuration list for PBXNativeTarget "ReaingSystem" */ = {
			isa = XCConfigurationList;
			buildConfigurations = (
				98B167AA1D4993E80001EDAC /* Debug */,
				98B167AB1D4993E80001EDAC /* Release */,
			);
			defaultConfigurationIsVisible = 0;
			defaultConfigurationName = Release;
		};
/* End XCConfigurationList section */
	};
	rootObject = 98B1678F1D4993E80001EDAC /* Project object */;
}
