// !$*UTF8*$!
{
	archiveVersion = 1;
	classes = {
	};
	objectVersion = 46;
	objects = {

/* Begin PBXBuildFile section */
		980E91611D5174B3000A19CA /* MyShelfViewController.swift in Sources */ = {isa = PBXBuildFile; fileRef = 980E91601D5174B3000A19CA /* MyShelfViewController.swift */; };
		980E91631D51942D000A19CA /* ReadBookTableViewCell.swift in Sources */ = {isa = PBXBuildFile; fileRef = 980E91621D51942D000A19CA /* ReadBookTableViewCell.swift */; };
		980E91661D51D11C000A19CA /* InterestViewController.swift in Sources */ = {isa = PBXBuildFile; fileRef = 980E91651D51D11C000A19CA /* InterestViewController.swift */; };
		980E91681D51D128000A19CA /* SexViewController.swift in Sources */ = {isa = PBXBuildFile; fileRef = 980E91671D51D128000A19CA /* SexViewController.swift */; };
		980E916D1D52E42B000A19CA /* LoginViewController.swift in Sources */ = {isa = PBXBuildFile; fileRef = 980E916C1D52E42B000A19CA /* LoginViewController.swift */; };
		980E916F1D531FAB000A19CA /* BubbleAnimation.swift in Sources */ = {isa = PBXBuildFile; fileRef = 980E916E1D531FAB000A19CA /* BubbleAnimation.swift */; };
		980E91731D533065000A19CA /* MaskPresentTationController.swift in Sources */ = {isa = PBXBuildFile; fileRef = 980E91721D533065000A19CA /* MaskPresentTationController.swift */; };
		980E91931D543FBF000A19CA /* ItemTransitionAnimation.swift in Sources */ = {isa = PBXBuildFile; fileRef = 980E91921D543FBF000A19CA /* ItemTransitionAnimation.swift */; };
		980E91951D54405E000A19CA /* TransitionType.swift in Sources */ = {isa = PBXBuildFile; fileRef = 980E91941D54405E000A19CA /* TransitionType.swift */; };
		980E91971D548D42000A19CA /* RegisterViewController.swift in Sources */ = {isa = PBXBuildFile; fileRef = 980E91961D548D42000A19CA /* RegisterViewController.swift */; };
		980E91991D548D6E000A19CA /* ReplaceViewController.swift in Sources */ = {isa = PBXBuildFile; fileRef = 980E91981D548D6E000A19CA /* ReplaceViewController.swift */; };
		980E919C1D54906B000A19CA /* LeadingTransitionDelegate.swift in Sources */ = {isa = PBXBuildFile; fileRef = 980E919B1D54906B000A19CA /* LeadingTransitionDelegate.swift */; };
		984C76471D5BFD5E00B3588D /* InterestCollectionViewCell.swift in Sources */ = {isa = PBXBuildFile; fileRef = 984C76461D5BFD5E00B3588D /* InterestCollectionViewCell.swift */; };
		984C76491D5C26F500B3588D /* MyShelfCollectionViewCell.swift in Sources */ = {isa = PBXBuildFile; fileRef = 984C76481D5C26F500B3588D /* MyShelfCollectionViewCell.swift */; };
		984C764B1D5C2A5300B3588D /* MyShelfCollectionReusableView.swift in Sources */ = {isa = PBXBuildFile; fileRef = 984C764A1D5C2A5300B3588D /* MyShelfCollectionReusableView.swift */; };
		984C764D1D5C5D9D00B3588D /* CoverTransitionAnimation.swift in Sources */ = {isa = PBXBuildFile; fileRef = 984C764C1D5C5D9D00B3588D /* CoverTransitionAnimation.swift */; };
		984C764F1D5C633100B3588D /* ReadedBookListTransitionDelegate.swift in Sources */ = {isa = PBXBuildFile; fileRef = 984C764E1D5C633100B3588D /* ReadedBookListTransitionDelegate.swift */; };
		984C76541D5C6DBA00B3588D /* DisappearTransitionAnimation.swift in Sources */ = {isa = PBXBuildFile; fileRef = 984C76531D5C6DBA00B3588D /* DisappearTransitionAnimation.swift */; };
		984C76561D5C701000B3588D /* DisappearTransitionDelegate.swift in Sources */ = {isa = PBXBuildFile; fileRef = 984C76551D5C701000B3588D /* DisappearTransitionDelegate.swift */; };
		984C76981D5D726600B3588D /* PersonalTabBar.swift in Sources */ = {isa = PBXBuildFile; fileRef = 984C76971D5D726600B3588D /* PersonalTabBar.swift */; };
		984C769A1D5D7A1300B3588D /* PersonalTabBar.xib in Resources */ = {isa = PBXBuildFile; fileRef = 984C76991D5D7A1300B3588D /* PersonalTabBar.xib */; };
		98522C9A1D5DC6B000F32FD5 /* Alamofire.framework in Frameworks */ = {isa = PBXBuildFile; fileRef = 98522C8D1D5DC6A900F32FD5 /* Alamofire.framework */; };
		98522C9B1D5DC6B000F32FD5 /* Alamofire.framework in Embed Frameworks */ = {isa = PBXBuildFile; fileRef = 98522C8D1D5DC6A900F32FD5 /* Alamofire.framework */; settings = {ATTRIBUTES = (CodeSignOnCopy, RemoveHeadersOnCopy, ); }; };
		98522C9F1D5DC6E600F32FD5 /* HttpManager.swift in Sources */ = {isa = PBXBuildFile; fileRef = 98522C9E1D5DC6E600F32FD5 /* HttpManager.swift */; };
		98B1679B1D4993E80001EDAC /* AppDelegate.swift in Sources */ = {isa = PBXBuildFile; fileRef = 98B1679A1D4993E80001EDAC /* AppDelegate.swift */; };
		98B167A01D4993E80001EDAC /* Main.storyboard in Resources */ = {isa = PBXBuildFile; fileRef = 98B1679E1D4993E80001EDAC /* Main.storyboard */; };
		98B167A21D4993E80001EDAC /* Assets.xcassets in Resources */ = {isa = PBXBuildFile; fileRef = 98B167A11D4993E80001EDAC /* Assets.xcassets */; };
		98B167A51D4993E80001EDAC /* LaunchScreen.storyboard in Resources */ = {isa = PBXBuildFile; fileRef = 98B167A31D4993E80001EDAC /* LaunchScreen.storyboard */; };
		98B167BA1D49B11B0001EDAC /* Custom.storyboard in Resources */ = {isa = PBXBuildFile; fileRef = 98B167B91D49B11B0001EDAC /* Custom.storyboard */; };
		98B1EAE51D4EF09100DD494A /* RootTabBarViewController.swift in Sources */ = {isa = PBXBuildFile; fileRef = 98B1EAE41D4EF09100DD494A /* RootTabBarViewController.swift */; };
		98B1EAE91D4EF34000DD494A /* Category.storyboard in Resources */ = {isa = PBXBuildFile; fileRef = 98B1EAE81D4EF34000DD494A /* Category.storyboard */; };
		98B1EAEB1D4EF34C00DD494A /* Paper.storyboard in Resources */ = {isa = PBXBuildFile; fileRef = 98B1EAEA1D4EF34C00DD494A /* Paper.storyboard */; };
		98B1EAED1D4EF35900DD494A /* Find.storyboard in Resources */ = {isa = PBXBuildFile; fileRef = 98B1EAEC1D4EF35900DD494A /* Find.storyboard */; };
		98B1EAEF1D4F235500DD494A /* Selecting.storyboard in Resources */ = {isa = PBXBuildFile; fileRef = 98B1EAEE1D4F235500DD494A /* Selecting.storyboard */; };
		98B1EB1A1D50946F00DD494A /* ReadBookListTableViewController.swift in Sources */ = {isa = PBXBuildFile; fileRef = 98B1EB191D50946F00DD494A /* ReadBookListTableViewController.swift */; };
		98C186201D6704ED008FCB15 /* BookListBook.swift in Sources */ = {isa = PBXBuildFile; fileRef = 98C1861D1D6704ED008FCB15 /* BookListBook.swift */; };
		98C186211D6704ED008FCB15 /* BookListData.swift in Sources */ = {isa = PBXBuildFile; fileRef = 98C1861E1D6704ED008FCB15 /* BookListData.swift */; };
		98C186221D6704ED008FCB15 /* BookListReturnData.swift in Sources */ = {isa = PBXBuildFile; fileRef = 98C1861F1D6704ED008FCB15 /* BookListReturnData.swift */; };
		98C7ACC31D640C740077DDAB /* LeadingNetworkHealper.swift in Sources */ = {isa = PBXBuildFile; fileRef = 98C7ACC21D640C740077DDAB /* LeadingNetworkHealper.swift */; };
		98C7ACCC1D653FB00077DDAB /* MyShelfNetworkHealper.swift in Sources */ = {isa = PBXBuildFile; fileRef = 98C7ACCB1D653FB00077DDAB /* MyShelfNetworkHealper.swift */; };
		98D9CB2D1D6157F400510E08 /* SelectingViewController.swift in Sources */ = {isa = PBXBuildFile; fileRef = 98D9CB2C1D6157F400510E08 /* SelectingViewController.swift */; };
		98D9CB301D615EA500510E08 /* SelectingDetailTableViewCell.swift in Sources */ = {isa = PBXBuildFile; fileRef = 98D9CB2E1D615EA500510E08 /* SelectingDetailTableViewCell.swift */; };
		98D9CB311D615EA500510E08 /* SelectingDetailTableViewCell.xib in Resources */ = {isa = PBXBuildFile; fileRef = 98D9CB2F1D615EA500510E08 /* SelectingDetailTableViewCell.xib */; };
		98D9CB3E1D61BD6100510E08 /* SelectingTitleCollectionViewCell.swift in Sources */ = {isa = PBXBuildFile; fileRef = 98D9CB3D1D61BD6100510E08 /* SelectingTitleCollectionViewCell.swift */; };
		98D9D1191D62F02D00A9D740 /* Row.swift in Sources */ = {isa = PBXBuildFile; fileRef = 98D9D1181D62F02D00A9D740 /* Row.swift */; };
		98D9D11B1D62F0DE00A9D740 /* Interests.swift in Sources */ = {isa = PBXBuildFile; fileRef = 98D9D11A1D62F0DE00A9D740 /* Interests.swift */; };
		98EE33AD1D65AE6B00FD2CC3 /* KeychainUtility.swift in Sources */ = {isa = PBXBuildFile; fileRef = 98EE33AC1D65AE6B00FD2CC3 /* KeychainUtility.swift */; };
		98EE33D51D66DE6A00FD2CC3 /* MyShelf.swift in Sources */ = {isa = PBXBuildFile; fileRef = 98EE33D41D66DE6A00FD2CC3 /* MyShelf.swift */; };
		98EE33DE1D66DF0600FD2CC3 /* MyBook.swift in Sources */ = {isa = PBXBuildFile; fileRef = 98EE33DD1D66DF0600FD2CC3 /* MyBook.swift */; };
		98EE33E01D66DF2D00FD2CC3 /* ReadedBook.swift in Sources */ = {isa = PBXBuildFile; fileRef = 98EE33DF1D66DF2D00FD2CC3 /* ReadedBook.swift */; };
/* End PBXBuildFile section */

/* Begin PBXContainerItemProxy section */
		98522C8C1D5DC6A900F32FD5 /* PBXContainerItemProxy */ = {
			isa = PBXContainerItemProxy;
			containerPortal = 98522C811D5DC6A800F32FD5 /* Alamofire.xcodeproj */;
			proxyType = 2;
			remoteGlobalIDString = F8111E3319A95C8B0040E7D1;
			remoteInfo = "Alamofire iOS";
		};
		98522C8E1D5DC6A900F32FD5 /* PBXContainerItemProxy */ = {
			isa = PBXContainerItemProxy;
			containerPortal = 98522C811D5DC6A800F32FD5 /* Alamofire.xcodeproj */;
			proxyType = 2;
			remoteGlobalIDString = F8111E3E19A95C8B0040E7D1;
			remoteInfo = "Alamofire iOS Tests";
		};
		98522C901D5DC6A900F32FD5 /* PBXContainerItemProxy */ = {
			isa = PBXContainerItemProxy;
			containerPortal = 98522C811D5DC6A800F32FD5 /* Alamofire.xcodeproj */;
			proxyType = 2;
			remoteGlobalIDString = 4DD67C0B1A5C55C900ED2280;
			remoteInfo = "Alamofire OSX";
		};
		98522C921D5DC6A900F32FD5 /* PBXContainerItemProxy */ = {
			isa = PBXContainerItemProxy;
			containerPortal = 98522C811D5DC6A800F32FD5 /* Alamofire.xcodeproj */;
			proxyType = 2;
			remoteGlobalIDString = F829C6B21A7A94F100A2CD59;
			remoteInfo = "Alamofire OSX Tests";
		};
		98522C941D5DC6A900F32FD5 /* PBXContainerItemProxy */ = {
			isa = PBXContainerItemProxy;
			containerPortal = 98522C811D5DC6A800F32FD5 /* Alamofire.xcodeproj */;
			proxyType = 2;
			remoteGlobalIDString = 4CF626EF1BA7CB3E0011A099;
			remoteInfo = "Alamofire tvOS";
		};
		98522C961D5DC6A900F32FD5 /* PBXContainerItemProxy */ = {
			isa = PBXContainerItemProxy;
			containerPortal = 98522C811D5DC6A800F32FD5 /* Alamofire.xcodeproj */;
			proxyType = 2;
			remoteGlobalIDString = 4CF626F81BA7CB3E0011A099;
			remoteInfo = "Alamofire tvOS Tests";
		};
		98522C981D5DC6A900F32FD5 /* PBXContainerItemProxy */ = {
			isa = PBXContainerItemProxy;
			containerPortal = 98522C811D5DC6A800F32FD5 /* Alamofire.xcodeproj */;
			proxyType = 2;
			remoteGlobalIDString = E4202FE01B667AA100C997FB;
			remoteInfo = "Alamofire watchOS";
		};
		98522C9C1D5DC6B000F32FD5 /* PBXContainerItemProxy */ = {
			isa = PBXContainerItemProxy;
			containerPortal = 98522C811D5DC6A800F32FD5 /* Alamofire.xcodeproj */;
			proxyType = 1;
			remoteGlobalIDString = F8111E3219A95C8B0040E7D1;
			remoteInfo = "Alamofire iOS";
		};
/* End PBXContainerItemProxy section */

/* Begin PBXCopyFilesBuildPhase section */
		98F9CCAE1D597FA900EEFFA4 /* Embed Frameworks */ = {
			isa = PBXCopyFilesBuildPhase;
			buildActionMask = 2147483647;
			dstPath = "";
			dstSubfolderSpec = 10;
			files = (
				98522C9B1D5DC6B000F32FD5 /* Alamofire.framework in Embed Frameworks */,
			);
			name = "Embed Frameworks";
			runOnlyForDeploymentPostprocessing = 0;
		};
/* End PBXCopyFilesBuildPhase section */

/* Begin PBXFileReference section */
		980E91601D5174B3000A19CA /* MyShelfViewController.swift */ = {isa = PBXFileReference; fileEncoding = 4; lastKnownFileType = sourcecode.swift; path = MyShelfViewController.swift; sourceTree = "<group>"; };
		980E91621D51942D000A19CA /* ReadBookTableViewCell.swift */ = {isa = PBXFileReference; fileEncoding = 4; lastKnownFileType = sourcecode.swift; path = ReadBookTableViewCell.swift; sourceTree = "<group>"; };
		980E91651D51D11C000A19CA /* InterestViewController.swift */ = {isa = PBXFileReference; fileEncoding = 4; lastKnownFileType = sourcecode.swift; path = InterestViewController.swift; sourceTree = "<group>"; };
		980E91671D51D128000A19CA /* SexViewController.swift */ = {isa = PBXFileReference; fileEncoding = 4; lastKnownFileType = sourcecode.swift; path = SexViewController.swift; sourceTree = "<group>"; };
		980E916C1D52E42B000A19CA /* LoginViewController.swift */ = {isa = PBXFileReference; fileEncoding = 4; lastKnownFileType = sourcecode.swift; path = LoginViewController.swift; sourceTree = "<group>"; };
		980E916E1D531FAB000A19CA /* BubbleAnimation.swift */ = {isa = PBXFileReference; fileEncoding = 4; lastKnownFileType = sourcecode.swift; path = BubbleAnimation.swift; sourceTree = "<group>"; };
		980E91721D533065000A19CA /* MaskPresentTationController.swift */ = {isa = PBXFileReference; fileEncoding = 4; lastKnownFileType = sourcecode.swift; path = MaskPresentTationController.swift; sourceTree = "<group>"; };
		980E91921D543FBF000A19CA /* ItemTransitionAnimation.swift */ = {isa = PBXFileReference; fileEncoding = 4; lastKnownFileType = sourcecode.swift; path = ItemTransitionAnimation.swift; sourceTree = "<group>"; };
		980E91941D54405E000A19CA /* TransitionType.swift */ = {isa = PBXFileReference; fileEncoding = 4; lastKnownFileType = sourcecode.swift; path = TransitionType.swift; sourceTree = "<group>"; };
		980E91961D548D42000A19CA /* RegisterViewController.swift */ = {isa = PBXFileReference; fileEncoding = 4; lastKnownFileType = sourcecode.swift; path = RegisterViewController.swift; sourceTree = "<group>"; };
		980E91981D548D6E000A19CA /* ReplaceViewController.swift */ = {isa = PBXFileReference; fileEncoding = 4; lastKnownFileType = sourcecode.swift; path = ReplaceViewController.swift; sourceTree = "<group>"; };
		980E919B1D54906B000A19CA /* LeadingTransitionDelegate.swift */ = {isa = PBXFileReference; fileEncoding = 4; lastKnownFileType = sourcecode.swift; path = LeadingTransitionDelegate.swift; sourceTree = "<group>"; };
		984C76461D5BFD5E00B3588D /* InterestCollectionViewCell.swift */ = {isa = PBXFileReference; fileEncoding = 4; lastKnownFileType = sourcecode.swift; path = InterestCollectionViewCell.swift; sourceTree = "<group>"; };
		984C76481D5C26F500B3588D /* MyShelfCollectionViewCell.swift */ = {isa = PBXFileReference; fileEncoding = 4; lastKnownFileType = sourcecode.swift; path = MyShelfCollectionViewCell.swift; sourceTree = "<group>"; };
		984C764A1D5C2A5300B3588D /* MyShelfCollectionReusableView.swift */ = {isa = PBXFileReference; fileEncoding = 4; lastKnownFileType = sourcecode.swift; path = MyShelfCollectionReusableView.swift; sourceTree = "<group>"; };
		984C764C1D5C5D9D00B3588D /* CoverTransitionAnimation.swift */ = {isa = PBXFileReference; fileEncoding = 4; lastKnownFileType = sourcecode.swift; path = CoverTransitionAnimation.swift; sourceTree = "<group>"; };
		984C764E1D5C633100B3588D /* ReadedBookListTransitionDelegate.swift */ = {isa = PBXFileReference; fileEncoding = 4; lastKnownFileType = sourcecode.swift; path = ReadedBookListTransitionDelegate.swift; sourceTree = "<group>"; };
		984C76531D5C6DBA00B3588D /* DisappearTransitionAnimation.swift */ = {isa = PBXFileReference; fileEncoding = 4; lastKnownFileType = sourcecode.swift; path = DisappearTransitionAnimation.swift; sourceTree = "<group>"; };
		984C76551D5C701000B3588D /* DisappearTransitionDelegate.swift */ = {isa = PBXFileReference; fileEncoding = 4; lastKnownFileType = sourcecode.swift; path = DisappearTransitionDelegate.swift; sourceTree = "<group>"; };
		984C76971D5D726600B3588D /* PersonalTabBar.swift */ = {isa = PBXFileReference; fileEncoding = 4; lastKnownFileType = sourcecode.swift; path = PersonalTabBar.swift; sourceTree = "<group>"; };
		984C76991D5D7A1300B3588D /* PersonalTabBar.xib */ = {isa = PBXFileReference; fileEncoding = 4; lastKnownFileType = file.xib; path = PersonalTabBar.xib; sourceTree = "<group>"; };
		98522C811D5DC6A800F32FD5 /* Alamofire.xcodeproj */ = {isa = PBXFileReference; lastKnownFileType = "wrapper.pb-project"; name = Alamofire.xcodeproj; path = ../../../GitHub/Alamofire/Alamofire.xcodeproj; sourceTree = "<group>"; };
		98522C9E1D5DC6E600F32FD5 /* HttpManager.swift */ = {isa = PBXFileReference; fileEncoding = 4; lastKnownFileType = sourcecode.swift; path = HttpManager.swift; sourceTree = "<group>"; };
		98B167971D4993E80001EDAC /* ReaingSystem.app */ = {isa = PBXFileReference; explicitFileType = wrapper.application; includeInIndex = 0; path = ReaingSystem.app; sourceTree = BUILT_PRODUCTS_DIR; };
		98B1679A1D4993E80001EDAC /* AppDelegate.swift */ = {isa = PBXFileReference; lastKnownFileType = sourcecode.swift; path = AppDelegate.swift; sourceTree = "<group>"; };
		98B1679F1D4993E80001EDAC /* Base */ = {isa = PBXFileReference; lastKnownFileType = file.storyboard; name = Base; path = Base.lproj/Main.storyboard; sourceTree = "<group>"; };
		98B167A11D4993E80001EDAC /* Assets.xcassets */ = {isa = PBXFileReference; lastKnownFileType = folder.assetcatalog; path = Assets.xcassets; sourceTree = "<group>"; };
		98B167A41D4993E80001EDAC /* Base */ = {isa = PBXFileReference; lastKnownFileType = file.storyboard; name = Base; path = Base.lproj/LaunchScreen.storyboard; sourceTree = "<group>"; };
		98B167A61D4993E80001EDAC /* Info.plist */ = {isa = PBXFileReference; lastKnownFileType = text.plist.xml; path = Info.plist; sourceTree = "<group>"; };
		98B167B91D49B11B0001EDAC /* Custom.storyboard */ = {isa = PBXFileReference; fileEncoding = 4; lastKnownFileType = file.storyboard; path = Custom.storyboard; sourceTree = "<group>"; };
		98B1EAE41D4EF09100DD494A /* RootTabBarViewController.swift */ = {isa = PBXFileReference; fileEncoding = 4; lastKnownFileType = sourcecode.swift; path = RootTabBarViewController.swift; sourceTree = "<group>"; };
		98B1EAE81D4EF34000DD494A /* Category.storyboard */ = {isa = PBXFileReference; fileEncoding = 4; lastKnownFileType = file.storyboard; path = Category.storyboard; sourceTree = "<group>"; };
		98B1EAEA1D4EF34C00DD494A /* Paper.storyboard */ = {isa = PBXFileReference; fileEncoding = 4; lastKnownFileType = file.storyboard; path = Paper.storyboard; sourceTree = "<group>"; };
		98B1EAEC1D4EF35900DD494A /* Find.storyboard */ = {isa = PBXFileReference; fileEncoding = 4; lastKnownFileType = file.storyboard; path = Find.storyboard; sourceTree = "<group>"; };
		98B1EAEE1D4F235500DD494A /* Selecting.storyboard */ = {isa = PBXFileReference; fileEncoding = 4; lastKnownFileType = file.storyboard; path = Selecting.storyboard; sourceTree = "<group>"; };
		98B1EB191D50946F00DD494A /* ReadBookListTableViewController.swift */ = {isa = PBXFileReference; fileEncoding = 4; lastKnownFileType = sourcecode.swift; path = ReadBookListTableViewController.swift; sourceTree = "<group>"; };
		98C1861D1D6704ED008FCB15 /* BookListBook.swift */ = {isa = PBXFileReference; fileEncoding = 4; lastKnownFileType = sourcecode.swift; path = BookListBook.swift; sourceTree = "<group>"; };
		98C1861E1D6704ED008FCB15 /* BookListData.swift */ = {isa = PBXFileReference; fileEncoding = 4; lastKnownFileType = sourcecode.swift; path = BookListData.swift; sourceTree = "<group>"; };
		98C1861F1D6704ED008FCB15 /* BookListReturnData.swift */ = {isa = PBXFileReference; fileEncoding = 4; lastKnownFileType = sourcecode.swift; path = BookListReturnData.swift; sourceTree = "<group>"; };
		98C7ACC21D640C740077DDAB /* LeadingNetworkHealper.swift */ = {isa = PBXFileReference; fileEncoding = 4; lastKnownFileType = sourcecode.swift; path = LeadingNetworkHealper.swift; sourceTree = "<group>"; };
		98C7ACCB1D653FB00077DDAB /* MyShelfNetworkHealper.swift */ = {isa = PBXFileReference; fileEncoding = 4; lastKnownFileType = sourcecode.swift; path = MyShelfNetworkHealper.swift; sourceTree = "<group>"; };
		98D9CB2C1D6157F400510E08 /* SelectingViewController.swift */ = {isa = PBXFileReference; fileEncoding = 4; lastKnownFileType = sourcecode.swift; path = SelectingViewController.swift; sourceTree = "<group>"; };
		98D9CB2E1D615EA500510E08 /* SelectingDetailTableViewCell.swift */ = {isa = PBXFileReference; fileEncoding = 4; lastKnownFileType = sourcecode.swift; path = SelectingDetailTableViewCell.swift; sourceTree = "<group>"; };
		98D9CB2F1D615EA500510E08 /* SelectingDetailTableViewCell.xib */ = {isa = PBXFileReference; fileEncoding = 4; lastKnownFileType = file.xib; path = SelectingDetailTableViewCell.xib; sourceTree = "<group>"; };
		98D9CB3D1D61BD6100510E08 /* SelectingTitleCollectionViewCell.swift */ = {isa = PBXFileReference; fileEncoding = 4; lastKnownFileType = sourcecode.swift; path = SelectingTitleCollectionViewCell.swift; sourceTree = "<group>"; };
		98D9D1181D62F02D00A9D740 /* Row.swift */ = {isa = PBXFileReference; fileEncoding = 4; lastKnownFileType = sourcecode.swift; path = Row.swift; sourceTree = "<group>"; };
		98D9D11A1D62F0DE00A9D740 /* Interests.swift */ = {isa = PBXFileReference; fileEncoding = 4; lastKnownFileType = sourcecode.swift; path = Interests.swift; sourceTree = "<group>"; };
		98EE33AC1D65AE6B00FD2CC3 /* KeychainUtility.swift */ = {isa = PBXFileReference; fileEncoding = 4; lastKnownFileType = sourcecode.swift; path = KeychainUtility.swift; sourceTree = "<group>"; };
		98EE33AE1D65AE9300FD2CC3 /* ReaingSystem.entitlements */ = {isa = PBXFileReference; lastKnownFileType = text.xml; path = ReaingSystem.entitlements; sourceTree = "<group>"; };
		98EE33D41D66DE6A00FD2CC3 /* MyShelf.swift */ = {isa = PBXFileReference; fileEncoding = 4; lastKnownFileType = sourcecode.swift; path = MyShelf.swift; sourceTree = "<group>"; };
		98EE33DD1D66DF0600FD2CC3 /* MyBook.swift */ = {isa = PBXFileReference; fileEncoding = 4; lastKnownFileType = sourcecode.swift; path = MyBook.swift; sourceTree = "<group>"; };
		98EE33DF1D66DF2D00FD2CC3 /* ReadedBook.swift */ = {isa = PBXFileReference; fileEncoding = 4; lastKnownFileType = sourcecode.swift; path = ReadedBook.swift; sourceTree = "<group>"; };
/* End PBXFileReference section */

/* Begin PBXFrameworksBuildPhase section */
		98B167941D4993E80001EDAC /* Frameworks */ = {
			isa = PBXFrameworksBuildPhase;
			buildActionMask = 2147483647;
			files = (
				98522C9A1D5DC6B000F32FD5 /* Alamofire.framework in Frameworks */,
			);
			runOnlyForDeploymentPostprocessing = 0;
		};
/* End PBXFrameworksBuildPhase section */

/* Begin PBXGroup section */
		980E91641D51D0F7000A19CA /* login */ = {
			isa = PBXGroup;
			children = (
				980E916C1D52E42B000A19CA /* LoginViewController.swift */,
				980E91961D548D42000A19CA /* RegisterViewController.swift */,
				980E91981D548D6E000A19CA /* ReplaceViewController.swift */,
			);
			name = login;
			sourceTree = "<group>";
		};
		980E91691D51E7EB000A19CA /* Transition */ = {
			isa = PBXGroup;
			children = (
				980E916E1D531FAB000A19CA /* BubbleAnimation.swift */,
				984C764C1D5C5D9D00B3588D /* CoverTransitionAnimation.swift */,
				984C76531D5C6DBA00B3588D /* DisappearTransitionAnimation.swift */,
				980E91921D543FBF000A19CA /* ItemTransitionAnimation.swift */,
				980E91721D533065000A19CA /* MaskPresentTationController.swift */,
				980E91941D54405E000A19CA /* TransitionType.swift */,
			);
			name = Transition;
			sourceTree = "<group>";
		};
		980E919A1D548F6C000A19CA /* LeadingPage */ = {
			isa = PBXGroup;
			children = (
				98D9D1151D62F00F00A9D740 /* model */,
				98D9D1131D62EFFF00A9D740 /* controller */,
				98D9D1141D62F00900A9D740 /* view */,
			);
			name = LeadingPage;
			sourceTree = "<group>";
		};
		984C76501D5C656200B3588D /* controller */ = {
			isa = PBXGroup;
			children = (
				980E91601D5174B3000A19CA /* MyShelfViewController.swift */,
				984C764E1D5C633100B3588D /* ReadedBookListTransitionDelegate.swift */,
				98B1EB191D50946F00DD494A /* ReadBookListTableViewController.swift */,
			);
			name = controller;
			sourceTree = "<group>";
		};
		984C76511D5C658700B3588D /* view */ = {
			isa = PBXGroup;
			children = (
				984C76481D5C26F500B3588D /* MyShelfCollectionViewCell.swift */,
				984C764A1D5C2A5300B3588D /* MyShelfCollectionReusableView.swift */,
				980E91621D51942D000A19CA /* ReadBookTableViewCell.swift */,
			);
			name = view;
			sourceTree = "<group>";
		};
		984C76521D5C658E00B3588D /* model */ = {
			isa = PBXGroup;
			children = (
				98C1862A1D6704F9008FCB15 /* shelf */,
				98C1862B1D67050D008FCB15 /* booklist */,
			);
			name = model;
			sourceTree = "<group>";
		};
		98522C821D5DC6A800F32FD5 /* Products */ = {
			isa = PBXGroup;
			children = (
				98522C8D1D5DC6A900F32FD5 /* Alamofire.framework */,
				98522C8F1D5DC6A900F32FD5 /* Alamofire iOS Tests.xctest */,
				98522C911D5DC6A900F32FD5 /* Alamofire.framework */,
				98522C931D5DC6A900F32FD5 /* Alamofire OSX Tests.xctest */,
				98522C951D5DC6A900F32FD5 /* Alamofire.framework */,
				98522C971D5DC6A900F32FD5 /* Alamofire tvOS Tests.xctest */,
				98522C991D5DC6A900F32FD5 /* Alamofire.framework */,
			);
			name = Products;
			sourceTree = "<group>";
		};
		98522CA01D5DC6ED00F32FD5 /* networkHealper */ = {
			isa = PBXGroup;
			children = (
				98522C9E1D5DC6E600F32FD5 /* HttpManager.swift */,
				98C7ACC21D640C740077DDAB /* LeadingNetworkHealper.swift */,
				98C7ACCB1D653FB00077DDAB /* MyShelfNetworkHealper.swift */,
			);
			name = networkHealper;
			sourceTree = "<group>";
		};
		989C363D1D4EEEA300010B48 /* tabbar */ = {
			isa = PBXGroup;
			children = (
				98B1EAE41D4EF09100DD494A /* RootTabBarViewController.swift */,
				984C76971D5D726600B3588D /* PersonalTabBar.swift */,
				984C76991D5D7A1300B3588D /* PersonalTabBar.xib */,
			);
			name = tabbar;
			sourceTree = "<group>";
		};
		98B1678E1D4993E80001EDAC = {
			isa = PBXGroup;
			children = (
				98522C811D5DC6A800F32FD5 /* Alamofire.xcodeproj */,
				98B167991D4993E80001EDAC /* ReaingSystem */,
				98B167981D4993E80001EDAC /* Products */,
			);
			sourceTree = "<group>";
		};
		98B167981D4993E80001EDAC /* Products */ = {
			isa = PBXGroup;
			children = (
				98B167971D4993E80001EDAC /* ReaingSystem.app */,
			);
			name = Products;
			sourceTree = "<group>";
		};
		98B167991D4993E80001EDAC /* ReaingSystem */ = {
			isa = PBXGroup;
			children = (
				98EE33AE1D65AE9300FD2CC3 /* ReaingSystem.entitlements */,
				98B1679A1D4993E80001EDAC /* AppDelegate.swift */,
				98EE33AB1D65ADFD00FD2CC3 /* heakper */,
				980E91691D51E7EB000A19CA /* Transition */,
				980E919A1D548F6C000A19CA /* LeadingPage */,
				980E91641D51D0F7000A19CA /* login */,
				989C363D1D4EEEA300010B48 /* tabbar */,
				98B1EB121D50342300DD494A /* myShelf */,
				98D9CB291D61579800510E08 /* selecting */,
				98B1679E1D4993E80001EDAC /* Main.storyboard */,
				98B1EAEE1D4F235500DD494A /* Selecting.storyboard */,
				98B167B91D49B11B0001EDAC /* Custom.storyboard */,
				98B1EAE81D4EF34000DD494A /* Category.storyboard */,
				98B1EAEA1D4EF34C00DD494A /* Paper.storyboard */,
				98B1EAEC1D4EF35900DD494A /* Find.storyboard */,
				98B167A11D4993E80001EDAC /* Assets.xcassets */,
				98B167A31D4993E80001EDAC /* LaunchScreen.storyboard */,
				98B167A61D4993E80001EDAC /* Info.plist */,
			);
			path = ReaingSystem;
			sourceTree = "<group>";
		};
		98B1EB121D50342300DD494A /* myShelf */ = {
			isa = PBXGroup;
			children = (
				984C76501D5C656200B3588D /* controller */,
				984C76521D5C658E00B3588D /* model */,
				984C76511D5C658700B3588D /* view */,
			);
			name = myShelf;
			sourceTree = "<group>";
		};
		98C1862A1D6704F9008FCB15 /* shelf */ = {
			isa = PBXGroup;
			children = (
				98EE33D41D66DE6A00FD2CC3 /* MyShelf.swift */,
				98EE33DF1D66DF2D00FD2CC3 /* ReadedBook.swift */,
				98EE33DD1D66DF0600FD2CC3 /* MyBook.swift */,
			);
			name = shelf;
			sourceTree = "<group>";
		};
		98C1862B1D67050D008FCB15 /* booklist */ = {
			isa = PBXGroup;
			children = (
				98C1861D1D6704ED008FCB15 /* BookListBook.swift */,
				98C1861E1D6704ED008FCB15 /* BookListData.swift */,
				98C1861F1D6704ED008FCB15 /* BookListReturnData.swift */,
			);
			name = booklist;
			sourceTree = "<group>";
		};
		98D9CB291D61579800510E08 /* selecting */ = {
			isa = PBXGroup;
			children = (
				98D9CB331D61634500510E08 /* controller */,
				98D9CB341D61635000510E08 /* view */,
			);
			name = selecting;
			sourceTree = "<group>";
		};
		98D9CB331D61634500510E08 /* controller */ = {
			isa = PBXGroup;
			children = (
				98D9CB2C1D6157F400510E08 /* SelectingViewController.swift */,
			);
			name = controller;
			sourceTree = "<group>";
		};
		98D9CB341D61635000510E08 /* view */ = {
			isa = PBXGroup;
			children = (
				98D9CB2E1D615EA500510E08 /* SelectingDetailTableViewCell.swift */,
				98D9CB3D1D61BD6100510E08 /* SelectingTitleCollectionViewCell.swift */,
				98D9CB2F1D615EA500510E08 /* SelectingDetailTableViewCell.xib */,
			);
			name = view;
			sourceTree = "<group>";
		};
		98D9D1131D62EFFF00A9D740 /* controller */ = {
			isa = PBXGroup;
			children = (
				980E919B1D54906B000A19CA /* LeadingTransitionDelegate.swift */,
				980E91651D51D11C000A19CA /* InterestViewController.swift */,
				984C76551D5C701000B3588D /* DisappearTransitionDelegate.swift */,
				980E91671D51D128000A19CA /* SexViewController.swift */,
			);
			name = controller;
			sourceTree = "<group>";
		};
		98D9D1141D62F00900A9D740 /* view */ = {
			isa = PBXGroup;
			children = (
				984C76461D5BFD5E00B3588D /* InterestCollectionViewCell.swift */,
			);
			name = view;
			sourceTree = "<group>";
		};
		98D9D1151D62F00F00A9D740 /* model */ = {
			isa = PBXGroup;
			children = (
				98D9D11A1D62F0DE00A9D740 /* Interests.swift */,
				98D9D1181D62F02D00A9D740 /* Row.swift */,
			);
			name = model;
			sourceTree = "<group>";
		};
		98EE33AB1D65ADFD00FD2CC3 /* heakper */ = {
			isa = PBXGroup;
			children = (
				98EE33AC1D65AE6B00FD2CC3 /* KeychainUtility.swift */,
				98522CA01D5DC6ED00F32FD5 /* networkHealper */,
			);
			name = heakper;
			sourceTree = "<group>";
		};
/* End PBXGroup section */

/* Begin PBXNativeTarget section */
		98B167961D4993E80001EDAC /* ReaingSystem */ = {
			isa = PBXNativeTarget;
			buildConfigurationList = 98B167A91D4993E80001EDAC /* Build configuration list for PBXNativeTarget "ReaingSystem" */;
			buildPhases = (
				98B167931D4993E80001EDAC /* Sources */,
				98B167941D4993E80001EDAC /* Frameworks */,
				98B167951D4993E80001EDAC /* Resources */,
				98F9CCAE1D597FA900EEFFA4 /* Embed Frameworks */,
			);
			buildRules = (
			);
			dependencies = (
				98522C9D1D5DC6B000F32FD5 /* PBXTargetDependency */,
			);
			name = ReaingSystem;
			productName = ReaingSystem;
			productReference = 98B167971D4993E80001EDAC /* ReaingSystem.app */;
			productType = "com.apple.product-type.application";
		};
/* End PBXNativeTarget section */

/* Begin PBXProject section */
		98B1678F1D4993E80001EDAC /* Project object */ = {
			isa = PBXProject;
			attributes = {
				LastSwiftUpdateCheck = 0730;
				LastUpgradeCheck = 0730;
				ORGANIZATIONNAME = "魏辉";
				TargetAttributes = {
					98B167961D4993E80001EDAC = {
						CreatedOnToolsVersion = 7.3;
						DevelopmentTeam = 7CVL8QT3D9;
						SystemCapabilities = {
							com.apple.Keychain = {
								enabled = 1;
							};
						};
					};
				};
			};
			buildConfigurationList = 98B167921D4993E80001EDAC /* Build configuration list for PBXProject "ReaingSystem" */;
			compatibilityVersion = "Xcode 3.2";
			developmentRegion = English;
			hasScannedForEncodings = 0;
			knownRegions = (
				en,
				Base,
			);
			mainGroup = 98B1678E1D4993E80001EDAC;
			productRefGroup = 98B167981D4993E80001EDAC /* Products */;
			projectDirPath = "";
			projectReferences = (
				{
					ProductGroup = 98522C821D5DC6A800F32FD5 /* Products */;
					ProjectRef = 98522C811D5DC6A800F32FD5 /* Alamofire.xcodeproj */;
				},
			);
			projectRoot = "";
			targets = (
				98B167961D4993E80001EDAC /* ReaingSystem */,
			);
		};
/* End PBXProject section */

/* Begin PBXReferenceProxy section */
		98522C8D1D5DC6A900F32FD5 /* Alamofire.framework */ = {
			isa = PBXReferenceProxy;
			fileType = wrapper.framework;
			path = Alamofire.framework;
			remoteRef = 98522C8C1D5DC6A900F32FD5 /* PBXContainerItemProxy */;
			sourceTree = BUILT_PRODUCTS_DIR;
		};
		98522C8F1D5DC6A900F32FD5 /* Alamofire iOS Tests.xctest */ = {
			isa = PBXReferenceProxy;
			fileType = wrapper.cfbundle;
			path = "Alamofire iOS Tests.xctest";
			remoteRef = 98522C8E1D5DC6A900F32FD5 /* PBXContainerItemProxy */;
			sourceTree = BUILT_PRODUCTS_DIR;
		};
		98522C911D5DC6A900F32FD5 /* Alamofire.framework */ = {
			isa = PBXReferenceProxy;
			fileType = wrapper.framework;
			path = Alamofire.framework;
			remoteRef = 98522C901D5DC6A900F32FD5 /* PBXContainerItemProxy */;
			sourceTree = BUILT_PRODUCTS_DIR;
		};
		98522C931D5DC6A900F32FD5 /* Alamofire OSX Tests.xctest */ = {
			isa = PBXReferenceProxy;
			fileType = wrapper.cfbundle;
			path = "Alamofire OSX Tests.xctest";
			remoteRef = 98522C921D5DC6A900F32FD5 /* PBXContainerItemProxy */;
			sourceTree = BUILT_PRODUCTS_DIR;
		};
		98522C951D5DC6A900F32FD5 /* Alamofire.framework */ = {
			isa = PBXReferenceProxy;
			fileType = wrapper.framework;
			path = Alamofire.framework;
			remoteRef = 98522C941D5DC6A900F32FD5 /* PBXContainerItemProxy */;
			sourceTree = BUILT_PRODUCTS_DIR;
		};
		98522C971D5DC6A900F32FD5 /* Alamofire tvOS Tests.xctest */ = {
			isa = PBXReferenceProxy;
			fileType = wrapper.cfbundle;
			path = "Alamofire tvOS Tests.xctest";
			remoteRef = 98522C961D5DC6A900F32FD5 /* PBXContainerItemProxy */;
			sourceTree = BUILT_PRODUCTS_DIR;
		};
		98522C991D5DC6A900F32FD5 /* Alamofire.framework */ = {
			isa = PBXReferenceProxy;
			fileType = wrapper.framework;
			path = Alamofire.framework;
			remoteRef = 98522C981D5DC6A900F32FD5 /* PBXContainerItemProxy */;
			sourceTree = BUILT_PRODUCTS_DIR;
		};
/* End PBXReferenceProxy section */

/* Begin PBXResourcesBuildPhase section */
		98B167951D4993E80001EDAC /* Resources */ = {
			isa = PBXResourcesBuildPhase;
			buildActionMask = 2147483647;
			files = (
				98B167A51D4993E80001EDAC /* LaunchScreen.storyboard in Resources */,
				984C769A1D5D7A1300B3588D /* PersonalTabBar.xib in Resources */,
				98B1EAEF1D4F235500DD494A /* Selecting.storyboard in Resources */,
				98B1EAE91D4EF34000DD494A /* Category.storyboard in Resources */,
				98B167A21D4993E80001EDAC /* Assets.xcassets in Resources */,
				98B167BA1D49B11B0001EDAC /* Custom.storyboard in Resources */,
				98B167A01D4993E80001EDAC /* Main.storyboard in Resources */,
				98B1EAEB1D4EF34C00DD494A /* Paper.storyboard in Resources */,
				98B1EAED1D4EF35900DD494A /* Find.storyboard in Resources */,
				98D9CB311D615EA500510E08 /* SelectingDetailTableViewCell.xib in Resources */,
			);
			runOnlyForDeploymentPostprocessing = 0;
		};
/* End PBXResourcesBuildPhase section */

/* Begin PBXSourcesBuildPhase section */
		98B167931D4993E80001EDAC /* Sources */ = {
			isa = PBXSourcesBuildPhase;
			buildActionMask = 2147483647;
			files = (
				98D9D11B1D62F0DE00A9D740 /* Interests.swift in Sources */,
				98D9CB3E1D61BD6100510E08 /* SelectingTitleCollectionViewCell.swift in Sources */,
				984C76471D5BFD5E00B3588D /* InterestCollectionViewCell.swift in Sources */,
				984C764F1D5C633100B3588D /* ReadedBookListTransitionDelegate.swift in Sources */,
				980E919C1D54906B000A19CA /* LeadingTransitionDelegate.swift in Sources */,
				98C7ACC31D640C740077DDAB /* LeadingNetworkHealper.swift in Sources */,
				980E916D1D52E42B000A19CA /* LoginViewController.swift in Sources */,
				984C76541D5C6DBA00B3588D /* DisappearTransitionAnimation.swift in Sources */,
				984C76491D5C26F500B3588D /* MyShelfCollectionViewCell.swift in Sources */,
				984C76981D5D726600B3588D /* PersonalTabBar.swift in Sources */,
				98D9CB301D615EA500510E08 /* SelectingDetailTableViewCell.swift in Sources */,
				98D9D1191D62F02D00A9D740 /* Row.swift in Sources */,
				980E91931D543FBF000A19CA /* ItemTransitionAnimation.swift in Sources */,
				980E91681D51D128000A19CA /* SexViewController.swift in Sources */,
				98EE33E01D66DF2D00FD2CC3 /* ReadedBook.swift in Sources */,
				98C186201D6704ED008FCB15 /* BookListBook.swift in Sources */,
				98EE33DE1D66DF0600FD2CC3 /* MyBook.swift in Sources */,
				984C764D1D5C5D9D00B3588D /* CoverTransitionAnimation.swift in Sources */,
				98522C9F1D5DC6E600F32FD5 /* HttpManager.swift in Sources */,
				98EE33AD1D65AE6B00FD2CC3 /* KeychainUtility.swift in Sources */,
				980E916F1D531FAB000A19CA /* BubbleAnimation.swift in Sources */,
				984C764B1D5C2A5300B3588D /* MyShelfCollectionReusableView.swift in Sources */,
				98EE33D51D66DE6A00FD2CC3 /* MyShelf.swift in Sources */,
				980E91991D548D6E000A19CA /* ReplaceViewController.swift in Sources */,
				98C186211D6704ED008FCB15 /* BookListData.swift in Sources */,
				980E91661D51D11C000A19CA /* InterestViewController.swift in Sources */,
				980E91631D51942D000A19CA /* ReadBookTableViewCell.swift in Sources */,
				98C7ACCC1D653FB00077DDAB /* MyShelfNetworkHealper.swift in Sources */,
				98D9CB2D1D6157F400510E08 /* SelectingViewController.swift in Sources */,
				98B1EB1A1D50946F00DD494A /* ReadBookListTableViewController.swift in Sources */,
				984C76561D5C701000B3588D /* DisappearTransitionDelegate.swift in Sources */,
				980E91971D548D42000A19CA /* RegisterViewController.swift in Sources */,
				98C186221D6704ED008FCB15 /* BookListReturnData.swift in Sources */,
				98B1EAE51D4EF09100DD494A /* RootTabBarViewController.swift in Sources */,
				980E91731D533065000A19CA /* MaskPresentTationController.swift in Sources */,
				980E91611D5174B3000A19CA /* MyShelfViewController.swift in Sources */,
				98B1679B1D4993E80001EDAC /* AppDelegate.swift in Sources */,
				980E91951D54405E000A19CA /* TransitionType.swift in Sources */,
			);
			runOnlyForDeploymentPostprocessing = 0;
		};
/* End PBXSourcesBuildPhase section */

/* Begin PBXTargetDependency section */
		98522C9D1D5DC6B000F32FD5 /* PBXTargetDependency */ = {
			isa = PBXTargetDependency;
			name = "Alamofire iOS";
			targetProxy = 98522C9C1D5DC6B000F32FD5 /* PBXContainerItemProxy */;
		};
/* End PBXTargetDependency section */

/* Begin PBXVariantGroup section */
		98B1679E1D4993E80001EDAC /* Main.storyboard */ = {
			isa = PBXVariantGroup;
			children = (
				98B1679F1D4993E80001EDAC /* Base */,
			);
			name = Main.storyboard;
			sourceTree = "<group>";
		};
		98B167A31D4993E80001EDAC /* LaunchScreen.storyboard */ = {
			isa = PBXVariantGroup;
			children = (
				98B167A41D4993E80001EDAC /* Base */,
			);
			name = LaunchScreen.storyboard;
			sourceTree = "<group>";
		};
/* End PBXVariantGroup section */

/* Begin XCBuildConfiguration section */
		98B167A71D4993E80001EDAC /* Debug */ = {
			isa = XCBuildConfiguration;
			buildSettings = {
				ALWAYS_SEARCH_USER_PATHS = NO;
				CLANG_ANALYZER_NONNULL = YES;
				CLANG_CXX_LANGUAGE_STANDARD = "gnu++0x";
				CLANG_CXX_LIBRARY = "libc++";
				CLANG_ENABLE_MODULES = YES;
				CLANG_ENABLE_OBJC_ARC = YES;
				CLANG_WARN_BOOL_CONVERSION = YES;
				CLANG_WARN_CONSTANT_CONVERSION = YES;
				CLANG_WARN_DIRECT_OBJC_ISA_USAGE = YES_ERROR;
				CLANG_WARN_EMPTY_BODY = YES;
				CLANG_WARN_ENUM_CONVERSION = YES;
				CLANG_WARN_INT_CONVERSION = YES;
				CLANG_WARN_OBJC_ROOT_CLASS = YES_ERROR;
				CLANG_WARN_UNREACHABLE_CODE = YES;
				CLANG_WARN__DUPLICATE_METHOD_MATCH = YES;
				"CODE_SIGN_IDENTITY[sdk=iphoneos*]" = "iPhone Developer";
				COPY_PHASE_STRIP = NO;
				DEBUG_INFORMATION_FORMAT = dwarf;
				ENABLE_STRICT_OBJC_MSGSEND = YES;
				ENABLE_TESTABILITY = YES;
				GCC_C_LANGUAGE_STANDARD = gnu99;
				GCC_DYNAMIC_NO_PIC = NO;
				GCC_NO_COMMON_BLOCKS = YES;
				GCC_OPTIMIZATION_LEVEL = 0;
				GCC_PREPROCESSOR_DEFINITIONS = (
					"DEBUG=1",
					"$(inherited)",
				);
				GCC_WARN_64_TO_32_BIT_CONVERSION = YES;
				GCC_WARN_ABOUT_RETURN_TYPE = YES_ERROR;
				GCC_WARN_UNDECLARED_SELECTOR = YES;
				GCC_WARN_UNINITIALIZED_AUTOS = YES_AGGRESSIVE;
				GCC_WARN_UNUSED_FUNCTION = YES;
				GCC_WARN_UNUSED_VARIABLE = YES;
				IPHONEOS_DEPLOYMENT_TARGET = 9.3;
				MTL_ENABLE_DEBUG_INFO = YES;
				ONLY_ACTIVE_ARCH = YES;
				SDKROOT = iphoneos;
				SWIFT_OPTIMIZATION_LEVEL = "-Onone";
				TARGETED_DEVICE_FAMILY = "1,2";
			};
			name = Debug;
		};
		98B167A81D4993E80001EDAC /* Release */ = {
			isa = XCBuildConfiguration;
			buildSettings = {
				ALWAYS_SEARCH_USER_PATHS = NO;
				CLANG_ANALYZER_NONNULL = YES;
				CLANG_CXX_LANGUAGE_STANDARD = "gnu++0x";
				CLANG_CXX_LIBRARY = "libc++";
				CLANG_ENABLE_MODULES = YES;
				CLANG_ENABLE_OBJC_ARC = YES;
				CLANG_WARN_BOOL_CONVERSION = YES;
				CLANG_WARN_CONSTANT_CONVERSION = YES;
				CLANG_WARN_DIRECT_OBJC_ISA_USAGE = YES_ERROR;
				CLANG_WARN_EMPTY_BODY = YES;
				CLANG_WARN_ENUM_CONVERSION = YES;
				CLANG_WARN_INT_CONVERSION = YES;
				CLANG_WARN_OBJC_ROOT_CLASS = YES_ERROR;
				CLANG_WARN_UNREACHABLE_CODE = YES;
				CLANG_WARN__DUPLICATE_METHOD_MATCH = YES;
				"CODE_SIGN_IDENTITY[sdk=iphoneos*]" = "iPhone Developer";
				COPY_PHASE_STRIP = NO;
				DEBUG_INFORMATION_FORMAT = "dwarf-with-dsym";
				ENABLE_NS_ASSERTIONS = NO;
				ENABLE_STRICT_OBJC_MSGSEND = YES;
				GCC_C_LANGUAGE_STANDARD = gnu99;
				GCC_NO_COMMON_BLOCKS = YES;
				GCC_WARN_64_TO_32_BIT_CONVERSION = YES;
				GCC_WARN_ABOUT_RETURN_TYPE = YES_ERROR;
				GCC_WARN_UNDECLARED_SELECTOR = YES;
				GCC_WARN_UNINITIALIZED_AUTOS = YES_AGGRESSIVE;
				GCC_WARN_UNUSED_FUNCTION = YES;
				GCC_WARN_UNUSED_VARIABLE = YES;
				IPHONEOS_DEPLOYMENT_TARGET = 9.3;
				MTL_ENABLE_DEBUG_INFO = NO;
				SDKROOT = iphoneos;
				TARGETED_DEVICE_FAMILY = "1,2";
				VALIDATE_PRODUCT = YES;
			};
			name = Release;
		};
		98B167AA1D4993E80001EDAC /* Debug */ = {
			isa = XCBuildConfiguration;
			buildSettings = {
				ASSETCATALOG_COMPILER_APPICON_NAME = AppIcon;
				CODE_SIGN_ENTITLEMENTS = ReaingSystem/ReaingSystem.entitlements;
				EMBEDDED_CONTENT_CONTAINS_SWIFT = YES;
				INFOPLIST_FILE = ReaingSystem/Info.plist;
				IPHONEOS_DEPLOYMENT_TARGET = 8.4;
				LD_RUNPATH_SEARCH_PATHS = "$(inherited) @executable_path/Frameworks";
				PRODUCT_BUNDLE_IDENTIFIER = com.weihui.ReaingSystem;
				PRODUCT_NAME = "$(TARGET_NAME)";
			};
			name = Debug;
		};
		98B167AB1D4993E80001EDAC /* Release */ = {
			isa = XCBuildConfiguration;
			buildSettings = {
				ASSETCATALOG_COMPILER_APPICON_NAME = AppIcon;
				CODE_SIGN_ENTITLEMENTS = ReaingSystem/ReaingSystem.entitlements;
				EMBEDDED_CONTENT_CONTAINS_SWIFT = YES;
				INFOPLIST_FILE = ReaingSystem/Info.plist;
				IPHONEOS_DEPLOYMENT_TARGET = 8.4;
				LD_RUNPATH_SEARCH_PATHS = "$(inherited) @executable_path/Frameworks";
				PRODUCT_BUNDLE_IDENTIFIER = com.weihui.ReaingSystem;
				PRODUCT_NAME = "$(TARGET_NAME)";
			};
			name = Release;
		};
/* End XCBuildConfiguration section */

/* Begin XCConfigurationList section */
		98B167921D4993E80001EDAC /* Build configuration list for PBXProject "ReaingSystem" */ = {
			isa = XCConfigurationList;
			buildConfigurations = (
				98B167A71D4993E80001EDAC /* Debug */,
				98B167A81D4993E80001EDAC /* Release */,
			);
			defaultConfigurationIsVisible = 0;
			defaultConfigurationName = Release;
		};
		98B167A91D4993E80001EDAC /* Build configuration list for PBXNativeTarget "ReaingSystem" */ = {
			isa = XCConfigurationList;
			buildConfigurations = (
				98B167AA1D4993E80001EDAC /* Debug */,
				98B167AB1D4993E80001EDAC /* Release */,
			);
			defaultConfigurationIsVisible = 0;
			defaultConfigurationName = Release;
		};
/* End XCConfigurationList section */
	};
	rootObject = 98B1678F1D4993E80001EDAC /* Project object */;
}
